PODS:
  - ActionSheetPicker-3.0 (2.7.1)
  - AKNumericFormatter (0.0.2)
  - Alamofire (5.2.2)
  - AlamofireImage (4.1.0):
    - Alamofire (~> 5.1)
  - ASAudioWaveformView (1.0.4)
  - Charts (4.0.3):
    - Charts/Core (= 4.0.3)
  - Charts/Core (4.0.3):
    - SwiftAlgorithms (~> 1.0)
  - Codextended (0.3.0)
  - Cosmos (23.0.0)
  - CropViewController (2.6.1)
  - CRRefresh (1.1.3)
  - DKCamera (1.6.7)
  - DKImagePickerController (4.3.4):
    - DKImagePickerController/Camera (= 4.3.4)
    - DKImagePickerController/Core (= 4.3.4)
    - DKImagePickerController/ImageDataManager (= 4.3.4)
    - DKImagePickerController/InlineCamera (= 4.3.4)
    - DKImagePickerController/PhotoEditor (= 4.3.4)
    - DKImagePickerController/PhotoGallery (= 4.3.4)
    - DKImagePickerController/Resource (= 4.3.4)
  - DKImagePickerController/Camera (4.3.4):
    - DKCamera
    - DKImagePickerController/Core
  - DKImagePickerController/Core (4.3.4):
    - DKImagePickerController/ImageDataManager
    - DKImagePickerController/Resource
  - DKImagePickerController/ImageDataManager (4.3.4)
  - DKImagePickerController/InlineCamera (4.3.4):
    - DKCamera
    - DKImagePickerController/Core
  - DKImagePickerController/PhotoEditor (4.3.4):
    - CropViewController (~> 2.5)
    - DKImagePickerController/Core
  - DKImagePickerController/PhotoGallery (4.3.4):
    - DKImagePickerController/Core
    - DKPhotoGallery
  - DKImagePickerController/Resource (4.3.4)
  - DKPhotoGallery (0.0.17):
    - DKPhotoGallery/Core (= 0.0.17)
    - DKPhotoGallery/Model (= 0.0.17)
    - DKPhotoGallery/Preview (= 0.0.17)
    - DKPhotoGallery/Resource (= 0.0.17)
    - SDWebImage
    - SwiftyGif
  - DKPhotoGallery/Core (0.0.17):
    - DKPhotoGallery/Model
    - DKPhotoGallery/Preview
    - SDWebImage
    - SwiftyGif
  - DKPhotoGallery/Model (0.0.17):
    - SDWebImage
    - SwiftyGif
  - DKPhotoGallery/Preview (0.0.17):
    - DKPhotoGallery/Model
    - DKPhotoGallery/Resource
    - SDWebImage
    - SwiftyGif
  - DKPhotoGallery/Resource (0.0.17):
    - SDWebImage
    - SwiftyGif
  - DropDown (2.3.13)
  - DZNEmptyDataSet (1.8.1)
  - EasyBaseAudio (1.0.16)
  - EasyBaseCodes (1.0.7)
  - EasyFiles (1.0.6)
  - EasyTipView (2.1.0)
  - Eureka (5.3.6)
  - FDWaveformView (5.0.1)
  - Firebase (9.4.0):
    - Firebase/Core (= 9.4.0)
  - Firebase/Analytics (9.4.0):
    - Firebase/Core
  - Firebase/Core (9.4.0):
    - Firebase/CoreOnly
    - FirebaseAnalytics (~> 9.4.0)
  - Firebase/CoreOnly (9.4.0):
    - FirebaseCore (= 9.4.0)
  - Firebase/RemoteConfig (9.4.0):
    - Firebase/CoreOnly
    - FirebaseRemoteConfig (~> 9.4.0)
  - FirebaseABTesting (9.4.0):
    - FirebaseCore (~> 9.0)
  - FirebaseAnalytics (9.4.0):
    - FirebaseAnalytics/AdIdSupport (= 9.4.0)
    - FirebaseCore (~> 9.0)
    - FirebaseInstallations (~> 9.0)
    - GoogleUtilities/AppDelegateSwizzler (~> 7.7)
    - GoogleUtilities/MethodSwizzler (~> 7.7)
    - GoogleUtilities/Network (~> 7.7)
    - "GoogleUtilities/NSData+zlib (~> 7.7)"
    - nanopb (< 2.30910.0, >= 2.30908.0)
  - FirebaseAnalytics/AdIdSupport (9.4.0):
    - FirebaseCore (~> 9.0)
    - FirebaseInstallations (~> 9.0)
    - GoogleAppMeasurement (= 9.4.0)
    - GoogleUtilities/AppDelegateSwizzler (~> 7.7)
    - GoogleUtilities/MethodSwizzler (~> 7.7)
    - GoogleUtilities/Network (~> 7.7)
    - "GoogleUtilities/NSData+zlib (~> 7.7)"
    - nanopb (< 2.30910.0, >= 2.30908.0)
  - FirebaseCore (9.4.0):
    - FirebaseCoreDiagnostics (~> 9.0)
    - FirebaseCoreInternal (~> 9.0)
    - GoogleUtilities/Environment (~> 7.7)
    - GoogleUtilities/Logger (~> 7.7)
  - FirebaseCoreDiagnostics (9.4.0):
    - GoogleDataTransport (< 10.0.0, >= 9.1.4)
    - GoogleUtilities/Environment (~> 7.7)
    - GoogleUtilities/Logger (~> 7.7)
    - nanopb (< 2.30910.0, >= 2.30908.0)
  - FirebaseCoreInternal (9.4.0):
    - "GoogleUtilities/NSData+zlib (~> 7.7)"
  - FirebaseInstallations (9.4.0):
    - FirebaseCore (~> 9.0)
    - GoogleUtilities/Environment (~> 7.7)
    - GoogleUtilities/UserDefaults (~> 7.7)
    - PromisesObjC (~> 2.1)
  - FirebaseRemoteConfig (9.4.0):
    - FirebaseABTesting (~> 9.0)
    - FirebaseCore (~> 9.0)
    - FirebaseInstallations (~> 9.0)
    - GoogleUtilities/Environment (~> 7.7)
    - "GoogleUtilities/NSData+zlib (~> 7.7)"
  - FSPagerView (0.8.3)
  - GoogleAppMeasurement (9.4.0):
    - GoogleAppMeasurement/AdIdSupport (= 9.4.0)
    - GoogleUtilities/AppDelegateSwizzler (~> 7.7)
    - GoogleUtilities/MethodSwizzler (~> 7.7)
    - GoogleUtilities/Network (~> 7.7)
    - "GoogleUtilities/NSData+zlib (~> 7.7)"
    - nanopb (< 2.30910.0, >= 2.30908.0)
  - GoogleAppMeasurement/AdIdSupport (9.4.0):
    - GoogleAppMeasurement/WithoutAdIdSupport (= 9.4.0)
    - GoogleUtilities/AppDelegateSwizzler (~> 7.7)
    - GoogleUtilities/MethodSwizzler (~> 7.7)
    - GoogleUtilities/Network (~> 7.7)
    - "GoogleUtilities/NSData+zlib (~> 7.7)"
    - nanopb (< 2.30910.0, >= 2.30908.0)
  - GoogleAppMeasurement/WithoutAdIdSupport (9.4.0):
    - GoogleUtilities/AppDelegateSwizzler (~> 7.7)
    - GoogleUtilities/MethodSwizzler (~> 7.7)
    - GoogleUtilities/Network (~> 7.7)
    - "GoogleUtilities/NSData+zlib (~> 7.7)"
    - nanopb (< 2.30910.0, >= 2.30908.0)
  - GoogleDataTransport (9.2.0):
    - GoogleUtilities/Environment (~> 7.7)
    - nanopb (< 2.30910.0, >= 2.30908.0)
    - PromisesObjC (< 3.0, >= 1.2)
  - GoogleUtilities/AppDelegateSwizzler (7.7.0):
    - GoogleUtilities/Environment
    - GoogleUtilities/Logger
    - GoogleUtilities/Network
  - GoogleUtilities/Environment (7.7.0):
    - PromisesObjC (< 3.0, >= 1.2)
  - GoogleUtilities/Logger (7.7.0):
    - GoogleUtilities/Environment
  - GoogleUtilities/MethodSwizzler (7.7.0):
    - GoogleUtilities/Logger
  - GoogleUtilities/Network (7.7.0):
    - GoogleUtilities/Logger
    - "GoogleUtilities/NSData+zlib"
    - GoogleUtilities/Reachability
  - "GoogleUtilities/NSData+zlib (7.7.0)"
  - GoogleUtilities/Reachability (7.7.0):
    - GoogleUtilities/Logger
  - GoogleUtilities/UserDefaults (7.7.0):
    - GoogleUtilities/Logger
  - HGCircularSlider (2.2.0)
  - HKVideoRangeSlider (1.0.0)
  - IQKeyboardManagerSwift (6.5.10)
  - KeychainSwift (19.0.0)
  - Kingfisher (5.12.0):
    - Kingfisher/Core (= 5.12.0)
  - Kingfisher/Core (5.12.0)
  - MBProgressHUD (1.2.0)
  - MSCircularSlider (1.3.2)
  - nanopb (2.30909.0):
    - nanopb/decode (= 2.30909.0)
    - nanopb/encode (= 2.30909.0)
  - nanopb/decode (2.30909.0)
  - nanopb/encode (2.30909.0)
  - NVActivityIndicatorView (5.1.1):
    - NVActivityIndicatorView/Base (= 5.1.1)
  - NVActivityIndicatorView/Base (5.1.1)
  - PhotoSlider (1.2.0):
    - Kingfisher
  - PromisesObjC (2.1.1)
  - Realm (4.3.2):
    - Realm/Headers (= 4.3.2)
  - Realm/Headers (4.3.2)
  - RealmSwift (4.3.2):
    - Realm (= 4.3.2)
  - RETrimControl (1.2)
  - RxCocoa (6.5.0):
    - RxRelay (= 6.5.0)
    - RxSwift (= 6.5.0)
  - RxRelay (6.5.0):
    - RxSwift (= 6.5.0)
  - RxSwift (6.5.0)
  - SDWebImage (5.13.2):
    - SDWebImage/Core (= 5.13.2)
  - SDWebImage/Core (5.13.2)
  - SideMenu (6.5.0)
  - SkyFloatingLabelTextField (4.0.0)
  - SnapKit (5.6.0)
  - SVPinView (1.0.11)
  - SVProgressHUD (2.2.5)
  - SwiftAlgorithms (1.0.0)
  - SwiftGen (6.6.1)
  - SwiftPullToRefresh (3.1.1)
  - SwiftyGif (5.4.3)
  - SwiftyJSON (5.0.1)
  - SwiftyStoreKit (0.16.1)
  - Toast-Swift (4.0.1)
  - UIDropDown (1.1.1)
  - ViewAnimator (3.1.0)
  - WMSegmentControl (2.3)
  - Zip (2.1.2)

DEPENDENCIES:
  - ActionSheetPicker-3.0
  - AKNumericFormatter
  - Alamofire (~> 5.2.2)
  - AlamofireImage (~> 4.1.0)
  - ASAudioWaveformView
  - Charts
  - Codextended
  - Cosmos
  - CRRefresh
  - DKImagePickerController
  - DropDown
  - DZNEmptyDataSet
  - EasyBaseAudio
  - EasyBaseCodes
  - EasyFiles
  - EasyTipView
  - Eureka
  - FDWaveformView
  - Firebase
  - Firebase/Analytics
  - Firebase/RemoteConfig
  - FSPagerView
  - HGCircularSlider
  - HKVideoRangeSlider
  - IQKeyboardManagerSwift
  - KeychainSwift (~> 19.0)
  - Kingfisher (~> 5.12.0)
  - MBProgressHUD
  - MSCircularSlider
  - NVActivityIndicatorView
  - PhotoSlider
  - RealmSwift (~> 4.3.2)
  - RETrimControl (~> 1.2)
  - RxCocoa
  - RxSwift
  - SideMenu
  - SkyFloatingLabelTextField
  - SnapKit
  - SVPinView
  - SVProgressHUD
  - SwiftGen
  - SwiftPullToRefresh
  - SwiftyJSON
  - SwiftyStoreKit
  - Toast-Swift (~> 4.0.1)
  - UIDropDown
  - ViewAnimator
  - WMSegmentControl
  - Zip

SPEC REPOS:
  trunk:
    - ActionSheetPicker-3.0
    - AKNumericFormatter
    - Alamofire
    - AlamofireImage
    - ASAudioWaveformView
    - Charts
    - Codextended
    - Cosmos
    - CropViewController
    - CRRefresh
    - DKCamera
    - DKImagePickerController
    - DKPhotoGallery
    - DropDown
    - DZNEmptyDataSet
    - EasyBaseAudio
    - EasyBaseCodes
    - EasyFiles
    - EasyTipView
    - Eureka
    - FDWaveformView
    - Firebase
    - FirebaseABTesting
    - FirebaseAnalytics
    - FirebaseCore
    - FirebaseCoreDiagnostics
    - FirebaseCoreInternal
    - FirebaseInstallations
    - FirebaseRemoteConfig
    - FSPagerView
    - GoogleAppMeasurement
    - GoogleDataTransport
    - GoogleUtilities
    - HGCircularSlider
    - HKVideoRangeSlider
    - IQKeyboardManagerSwift
    - KeychainSwift
    - Kingfisher
    - MBProgressHUD
    - MSCircularSlider
    - nanopb
    - NVActivityIndicatorView
    - PhotoSlider
    - PromisesObjC
    - Realm
    - RealmSwift
    - RETrimControl
    - RxCocoa
    - RxRelay
    - RxSwift
    - SDWebImage
    - SideMenu
    - SkyFloatingLabelTextField
    - SnapKit
    - SVPinView
    - SVProgressHUD
    - SwiftAlgorithms
    - SwiftGen
    - SwiftPullToRefresh
    - SwiftyGif
    - SwiftyJSON
    - SwiftyStoreKit
    - Toast-Swift
    - UIDropDown
    - ViewAnimator
    - WMSegmentControl
    - Zip

SPEC CHECKSUMS:
  ActionSheetPicker-3.0: 36da254b97a09ff89679ecb8b8510bd3e5bdc773
  AKNumericFormatter: de969ab13c504dca7aa119b558a934ccdbd1e376
  Alamofire: 814429acc853c6c54ff123fc3d2ef66803823ce0
  AlamofireImage: c4a2ba349885fb3064feb74d2e547bd42ce9be10
  ASAudioWaveformView: 74c46a88a34dd0320a3f145a07df3d02d30ae6e9
  Charts: d959d6723c8eedfdd0735dfc28cb0a71762ac4d9
  Codextended: f384271b8694376ad766ddbf2a011efbfdcee905
  Cosmos: b5c6a9a637e28a061b54c8f8b1d8529d7d4db73f
  CropViewController: 58fb440f30dac788b129d2a1f24cffdcb102669c
  CRRefresh: 1415d4ae06837fa7bb064c44f2e102f3ef517044
  DKCamera: a902b66921fca14b7a75266feb8c7568aa7caa71
  DKImagePickerController: b512c28220a2b8ac7419f21c491fc8534b7601ac
  DKPhotoGallery: fdfad5125a9fdda9cc57df834d49df790dbb4179
  DropDown: 8a2116376c1981888557f72ec2ffc9a5e0e456ec
  DZNEmptyDataSet: 9525833b9e68ac21c30253e1d3d7076cc828eaa7
  EasyBaseAudio: 53c17691d1aa6c28f872d83acf4ceae71dbab318
  EasyBaseCodes: 8c377e84973c2967f49417102d2590fa0093c9c7
  EasyFiles: 6edbfc8c55ae01a4b2ffd905fb86c5ce9ad03a95
  EasyTipView: a92b6edc377b81c5ac18e9fd35d5ee78e9409488
  Eureka: 28ad9dec6286cd7cd601fdf8e8df39bb7356a8f4
  FDWaveformView: c188be613947273cc83d6f0056505f60e6c4b9ac
  Firebase: 7703fc4022824b6d6db1bf7bea58d13b8e17ec46
  FirebaseABTesting: e59eec91fafce74a0f5261809ed0025b7e450db1
  FirebaseAnalytics: a1a24e72b7ba7f47045a4633f1abb545c07bd29c
  FirebaseCore: 9a2b10270a854731c4d4d8a97d0aa8380ec3458d
  FirebaseCoreDiagnostics: aaa87098082c4d4bdd1a9557b1186d18ca85ce8c
  FirebaseCoreInternal: a13302b0088fbf5f38b79b6ece49c2af7d3e05d6
  FirebaseInstallations: 61db1054e688d2bdc4e2b3f744c1b086e913b742
  FirebaseRemoteConfig: 6d9982bc64548a6e3c1b497b9fa53938ad135f2d
  FSPagerView: 670405b2f18e2a87fa37f20b00de783e562c25a8
  GoogleAppMeasurement: 5d69e04287fc2c10cc43724bfa4bf31fc12c3dff
  GoogleDataTransport: 1c8145da7117bd68bbbed00cf304edb6a24de00f
  GoogleUtilities: e0913149f6b0625b553d70dae12b49fc62914fd1
  HGCircularSlider: afb1942743a2df156dcc7a3500216e523e14266b
  HKVideoRangeSlider: b3ce874781a16f0c8d5e6b3b90bf59de02e1e7cf
  IQKeyboardManagerSwift: 52962c76ab33532f15ad9f3ff4e5715eda5335bb
  KeychainSwift: a06190cf933ad46b1e0abc3d77d29c06331715c7
  Kingfisher: dc6e0f53bb5b12c3e75bedb0e01bbd7a640eea69
  MBProgressHUD: 3ee5efcc380f6a79a7cc9b363dd669c5e1ae7406
  MSCircularSlider: 07fe922e6a7e05fb67e876d449e365327fdad3d1
  nanopb: b552cce312b6c8484180ef47159bc0f65a1f0431
  NVActivityIndicatorView: 1f6c5687f1171810aa27a3296814dc2d7dec3667
  PhotoSlider: 0d3c864ddf6edeb1027cb39911a26b3b707e9ba9
  PromisesObjC: ab77feca74fa2823e7af4249b8326368e61014cb
  Realm: 5e92902e2875dff4bb0fd02f67bb737c3d5db2bc
  RealmSwift: 9a360fc7bae04fc2e308a34fbd899d5faa2d6b22
  RETrimControl: f415424c530469b116065d63661e3547d6377bf4
  RxCocoa: 94f817b71c07517321eb4f9ad299112ca8af743b
  RxRelay: 1de1523e604c72b6c68feadedd1af3b1b4d0ecbd
  RxSwift: 5710a9e6b17f3c3d6e40d6e559b9fa1e813b2ef8
  SDWebImage: 72f86271a6f3139cc7e4a89220946489d4b9a866
  SideMenu: f583187d21c5b1dd04c72002be544b555a2627a2
  SkyFloatingLabelTextField: 79ddc40e4ad59707fedbb48d605417aee48bb78a
  SnapKit: e01d52ebb8ddbc333eefe2132acf85c8227d9c25
  SVPinView: 9b538d0ba68cdb092afe4f0f67ec84cbed079466
  SVProgressHUD: 1428aafac632c1f86f62aa4243ec12008d7a51d6
  SwiftAlgorithms: 38dda4731d19027fdeee1125f973111bf3386b53
  SwiftGen: 787181d7895fa2f5e7313d05de92c387010149c2
  SwiftPullToRefresh: f61d67439c5b8d66420fe57193cab8c279398e7a
  SwiftyGif: 6c3eafd0ce693cad58bb63d2b2fb9bacb8552780
  SwiftyJSON: 2f33a42c6fbc52764d96f13368585094bfd8aa5e
  SwiftyStoreKit: 6b9c08810269f030586dac1fae8e75871a82e84a
  Toast-Swift: e42a638589a2f95036b4bb7626cfbdde7daf0393
  UIDropDown: 22e6e3e22d419884c8f21d95ea9be36aac905ed4
  ViewAnimator: a9ceed80266e00fd435ec4fb99b2df64d580d0e4
  WMSegmentControl: 15120246d0fdbb7530d7fa03e90c3ec6f4fa85bd
  Zip: b3fef584b147b6e582b2256a9815c897d60ddc67

PODFILE CHECKSUM: 7352188a2e29ca0b49737a33b2cbe4671994ede8

COCOAPODS: 1.11.3
