// !$*UTF8*$!
{
	archiveVersion = 1;
	classes = {
	};
	objectVersion = 55;
	objects = {

/* Begin PBXBuildFile section */
		3EBAF493289D1E2300C59679 /* AppDelegate.swift in Sources */ = {isa = PBXBuildFile; fileRef = 3EBAF492289D1E2300C59679 /* AppDelegate.swift */; };
		3EBAF495289D1E2300C59679 /* SceneDelegate.swift in Sources */ = {isa = PBXBuildFile; fileRef = 3EBAF494289D1E2300C59679 /* SceneDelegate.swift */; };
		3EBAF497289D1E2300C59679 /* ViewController.swift in Sources */ = {isa = PBXBuildFile; fileRef = 3EBAF496289D1E2300C59679 /* ViewController.swift */; };
		3EBAF49A289D1E2300C59679 /* Main.storyboard in Resources */ = {isa = PBXBuildFile; fileRef = 3EBAF498289D1E2300C59679 /* Main.storyboard */; };
		3EBAF49C289D1E2400C59679 /* Assets.xcassets in Resources */ = {isa = PBXBuildFile; fileRef = 3EBAF49B289D1E2400C59679 /* Assets.xcassets */; };
		3EBAF49F289D1E2400C59679 /* LaunchScreen.storyboard in Resources */ = {isa = PBXBuildFile; fileRef = 3EBAF49D289D1E2400C59679 /* LaunchScreen.storyboard */; };
		939DA465289D571A00AEEF49 /* TransferWifi in Resources */ = {isa = PBXBuildFile; fileRef = 939DA464289D571A00AEEF49 /* TransferWifi */; };
		939DA467289D572F00AEEF49 /* Helper in Resources */ = {isa = PBXBuildFile; fileRef = 939DA466289D572F00AEEF49 /* Helper */; };
		939DA469289D574300AEEF49 /* Networking in Resources */ = {isa = PBXBuildFile; fileRef = 939DA468289D574300AEEF49 /* Networking */; };
		939DA46B289D576100AEEF49 /* Common in Resources */ = {isa = PBXBuildFile; fileRef = 939DA46A289D576100AEEF49 /* Common */; };
		939DA46F289D583E00AEEF49 /* Library in Resources */ = {isa = PBXBuildFile; fileRef = 939DA46E289D583E00AEEF49 /* Library */; };
		BB3EC696ADB130C5D448D548 /* Pods_ManageFiles.framework in Frameworks */ = {isa = PBXBuildFile; fileRef = F38D181B8E17A7419E334DA3 /* Pods_ManageFiles.framework */; };
/* End PBXBuildFile section */

/* Begin PBXFileReference section */
		3EBAF48F289D1E2300C59679 /* ManageFiles.app */ = {isa = PBXFileReference; explicitFileType = wrapper.application; includeInIndex = 0; path = ManageFiles.app; sourceTree = BUILT_PRODUCTS_DIR; };
		3EBAF492289D1E2300C59679 /* AppDelegate.swift */ = {isa = PBXFileReference; lastKnownFileType = sourcecode.swift; path = AppDelegate.swift; sourceTree = "<group>"; };
		3EBAF494289D1E2300C59679 /* SceneDelegate.swift */ = {isa = PBXFileReference; lastKnownFileType = sourcecode.swift; path = SceneDelegate.swift; sourceTree = "<group>"; };
		3EBAF496289D1E2300C59679 /* ViewController.swift */ = {isa = PBXFileReference; lastKnownFileType = sourcecode.swift; path = ViewController.swift; sourceTree = "<group>"; };
		3EBAF499289D1E2300C59679 /* Base */ = {isa = PBXFileReference; lastKnownFileType = file.storyboard; name = Base; path = Base.lproj/Main.storyboard; sourceTree = "<group>"; };
		3EBAF49B289D1E2400C59679 /* Assets.xcassets */ = {isa = PBXFileReference; lastKnownFileType = folder.assetcatalog; path = Assets.xcassets; sourceTree = "<group>"; };
		3EBAF49E289D1E2400C59679 /* Base */ = {isa = PBXFileReference; lastKnownFileType = file.storyboard; name = Base; path = Base.lproj/LaunchScreen.storyboard; sourceTree = "<group>"; };
		3EBAF4A0289D1E2400C59679 /* Info.plist */ = {isa = PBXFileReference; lastKnownFileType = text.plist.xml; path = Info.plist; sourceTree = "<group>"; };
		939DA464289D571A00AEEF49 /* TransferWifi */ = {isa = PBXFileReference; lastKnownFileType = folder; path = TransferWifi; sourceTree = "<group>"; };
		939DA466289D572F00AEEF49 /* Helper */ = {isa = PBXFileReference; lastKnownFileType = folder; path = Helper; sourceTree = "<group>"; };
		939DA468289D574300AEEF49 /* Networking */ = {isa = PBXFileReference; lastKnownFileType = folder; path = Networking; sourceTree = "<group>"; };
		939DA46A289D576100AEEF49 /* Common */ = {isa = PBXFileReference; lastKnownFileType = folder; path = Common; sourceTree = "<group>"; };
		939DA46E289D583E00AEEF49 /* Library */ = {isa = PBXFileReference; lastKnownFileType = folder; path = Library; sourceTree = "<group>"; };
		9BF0BBE1F270D4042C173C58 /* Pods-ManageFiles.debug.xcconfig */ = {isa = PBXFileReference; includeInIndex = 1; lastKnownFileType = text.xcconfig; name = "Pods-ManageFiles.debug.xcconfig"; path = "Target Support Files/Pods-ManageFiles/Pods-ManageFiles.debug.xcconfig"; sourceTree = "<group>"; };
		A2DADE88449BC81FDEA7B3C6 /* Pods-ManageFiles.release.xcconfig */ = {isa = PBXFileReference; includeInIndex = 1; lastKnownFileType = text.xcconfig; name = "Pods-ManageFiles.release.xcconfig"; path = "Target Support Files/Pods-ManageFiles/Pods-ManageFiles.release.xcconfig"; sourceTree = "<group>"; };
		F38D181B8E17A7419E334DA3 /* Pods_ManageFiles.framework */ = {isa = PBXFileReference; explicitFileType = wrapper.framework; includeInIndex = 0; path = Pods_ManageFiles.framework; sourceTree = BUILT_PRODUCTS_DIR; };
/* End PBXFileReference section */

/* Begin PBXFrameworksBuildPhase section */
		3EBAF48C289D1E2300C59679 /* Frameworks */ = {
			isa = PBXFrameworksBuildPhase;
			buildActionMask = 2147483647;
			files = (
				BB3EC696ADB130C5D448D548 /* Pods_ManageFiles.framework in Frameworks */,
			);
			runOnlyForDeploymentPostprocessing = 0;
		};
/* End PBXFrameworksBuildPhase section */

/* Begin PBXGroup section */
		1A9898BEC10BA4DFAE4082E1 /* Frameworks */ = {
			isa = PBXGroup;
			children = (
				F38D181B8E17A7419E334DA3 /* Pods_ManageFiles.framework */,
			);
			name = Frameworks;
			sourceTree = "<group>";
		};
		3520E02609D6439083E0299D /* Pods */ = {
			isa = PBXGroup;
			children = (
				9BF0BBE1F270D4042C173C58 /* Pods-ManageFiles.debug.xcconfig */,
				A2DADE88449BC81FDEA7B3C6 /* Pods-ManageFiles.release.xcconfig */,
			);
			path = Pods;
			sourceTree = "<group>";
		};
		3EBAF486289D1E2300C59679 = {
			isa = PBXGroup;
			children = (
				3EBAF491289D1E2300C59679 /* ManageFiles */,
				3EBAF490289D1E2300C59679 /* Products */,
				3520E02609D6439083E0299D /* Pods */,
				1A9898BEC10BA4DFAE4082E1 /* Frameworks */,
			);
			sourceTree = "<group>";
		};
		3EBAF490289D1E2300C59679 /* Products */ = {
			isa = PBXGroup;
			children = (
				3EBAF48F289D1E2300C59679 /* ManageFiles.app */,
			);
			name = Products;
			sourceTree = "<group>";
		};
		3EBAF491289D1E2300C59679 /* ManageFiles */ = {
			isa = PBXGroup;
			children = (
				939DA464289D571A00AEEF49 /* TransferWifi */,
				939DA466289D572F00AEEF49 /* Helper */,
				939DA468289D574300AEEF49 /* Networking */,
				939DA46A289D576100AEEF49 /* Common */,
				939DA46E289D583E00AEEF49 /* Library */,
				939DA46C289D57A700AEEF49 /* Base */,
				939DA46D289D57C000AEEF49 /* Modules */,
				3EBAF492289D1E2300C59679 /* AppDelegate.swift */,
				3EBAF494289D1E2300C59679 /* SceneDelegate.swift */,
				3EBAF496289D1E2300C59679 /* ViewController.swift */,
				3EBAF498289D1E2300C59679 /* Main.storyboard */,
				3EBAF49B289D1E2400C59679 /* Assets.xcassets */,
				3EBAF49D289D1E2400C59679 /* LaunchScreen.storyboard */,
				3EBAF4A0289D1E2400C59679 /* Info.plist */,
			);
			path = ManageFiles;
			sourceTree = "<group>";
		};
		939DA46C289D57A700AEEF49 /* Base */ = {
			isa = PBXGroup;
			children = (
			);
			path = Base;
			sourceTree = "<group>";
		};
		939DA46D289D57C000AEEF49 /* Modules */ = {
			isa = PBXGroup;
			children = (
			);
			path = Modules;
			sourceTree = "<group>";
		};
/* End PBXGroup section */

/* Begin PBXNativeTarget section */
		3EBAF48E289D1E2300C59679 /* ManageFiles */ = {
			isa = PBXNativeTarget;
			buildConfigurationList = 3EBAF4A3289D1E2400C59679 /* Build configuration list for PBXNativeTarget "ManageFiles" */;
			buildPhases = (
				400F3101544D5C1568840BE3 /* [CP] Check Pods Manifest.lock */,
				3EBAF48B289D1E2300C59679 /* Sources */,
				3EBAF48C289D1E2300C59679 /* Frameworks */,
				3EBAF48D289D1E2300C59679 /* Resources */,
				5B4123280F162F6C1B34539C /* [CP] Embed Pods Frameworks */,
			);
			buildRules = (
			);
			dependencies = (
			);
			name = ManageFiles;
			productName = ManageFiles;
			productReference = 3EBAF48F289D1E2300C59679 /* ManageFiles.app */;
			productType = "com.apple.product-type.application";
		};
/* End PBXNativeTarget section */

/* Begin PBXProject section */
		3EBAF487289D1E2300C59679 /* Project object */ = {
			isa = PBXProject;
			attributes = {
				BuildIndependentTargetsInParallel = 1;
				LastSwiftUpdateCheck = 1340;
				LastUpgradeCheck = 1340;
				TargetAttributes = {
					3EBAF48E289D1E2300C59679 = {
						CreatedOnToolsVersion = 13.4.1;
					};
				};
			};
			buildConfigurationList = 3EBAF48A289D1E2300C59679 /* Build configuration list for PBXProject "ManageFiles" */;
			compatibilityVersion = "Xcode 13.0";
			developmentRegion = en;
			hasScannedForEncodings = 0;
			knownRegions = (
				en,
				Base,
			);
			mainGroup = 3EBAF486289D1E2300C59679;
			productRefGroup = 3EBAF490289D1E2300C59679 /* Products */;
			projectDirPath = "";
			projectRoot = "";
			targets = (
				3EBAF48E289D1E2300C59679 /* ManageFiles */,
			);
		};
/* End PBXProject section */

/* Begin PBXResourcesBuildPhase section */
		3EBAF48D289D1E2300C59679 /* Resources */ = {
			isa = PBXResourcesBuildPhase;
			buildActionMask = 2147483647;
			files = (
				939DA469289D574300AEEF49 /* Networking in Resources */,
				939DA467289D572F00AEEF49 /* Helper in Resources */,
				939DA465289D571A00AEEF49 /* TransferWifi in Resources */,
				3EBAF49F289D1E2400C59679 /* LaunchScreen.storyboard in Resources */,
				939DA46F289D583E00AEEF49 /* Library in Resources */,
				939DA46B289D576100AEEF49 /* Common in Resources */,
				3EBAF49C289D1E2400C59679 /* Assets.xcassets in Resources */,
				3EBAF49A289D1E2300C59679 /* Main.storyboard in Resources */,
			);
			runOnlyForDeploymentPostprocessing = 0;
		};
/* End PBXResourcesBuildPhase section */

/* Begin PBXShellScriptBuildPhase section */
		400F3101544D5C1568840BE3 /* [CP] Check Pods Manifest.lock */ = {
			isa = PBXShellScriptBuildPhase;
			buildActionMask = 2147483647;
			files = (
			);
			inputFileListPaths = (
			);
			inputPaths = (
				"${PODS_PODFILE_DIR_PATH}/Podfile.lock",
				"${PODS_ROOT}/Manifest.lock",
			);
			name = "[CP] Check Pods Manifest.lock";
			outputFileListPaths = (
			);
			outputPaths = (
				"$(DERIVED_FILE_DIR)/Pods-ManageFiles-checkManifestLockResult.txt",
			);
			runOnlyForDeploymentPostprocessing = 0;
			shellPath = /bin/sh;
			shellScript = "diff \"${PODS_PODFILE_DIR_PATH}/Podfile.lock\" \"${PODS_ROOT}/Manifest.lock\" > /dev/null\nif [ $? != 0 ] ; then\n    # print error to STDERR\n    echo \"error: The sandbox is not in sync with the Podfile.lock. Run 'pod install' or update your CocoaPods installation.\" >&2\n    exit 1\nfi\n# This output is used by Xcode 'outputs' to avoid re-running this script phase.\necho \"SUCCESS\" > \"${SCRIPT_OUTPUT_FILE_0}\"\n";
			showEnvVarsInLog = 0;
		};
		5B4123280F162F6C1B34539C /* [CP] Embed Pods Frameworks */ = {
			isa = PBXShellScriptBuildPhase;
			buildActionMask = 2147483647;
			files = (
			);
			inputFileListPaths = (
				"${PODS_ROOT}/Target Support Files/Pods-ManageFiles/Pods-ManageFiles-frameworks-${CONFIGURATION}-input-files.xcfilelist",
			);
			name = "[CP] Embed Pods Frameworks";
			outputFileListPaths = (
				"${PODS_ROOT}/Target Support Files/Pods-ManageFiles/Pods-ManageFiles-frameworks-${CONFIGURATION}-output-files.xcfilelist",
			);
			runOnlyForDeploymentPostprocessing = 0;
			shellPath = /bin/sh;
			shellScript = "\"${PODS_ROOT}/Target Support Files/Pods-ManageFiles/Pods-ManageFiles-frameworks.sh\"\n";
			showEnvVarsInLog = 0;
		};
/* End PBXShellScriptBuildPhase section */

/* Begin PBXSourcesBuildPhase section */
		3EBAF48B289D1E2300C59679 /* Sources */ = {
			isa = PBXSourcesBuildPhase;
			buildActionMask = 2147483647;
			files = (
				3EBAF497289D1E2300C59679 /* ViewController.swift in Sources */,
				3EBAF493289D1E2300C59679 /* AppDelegate.swift in Sources */,
				3EBAF495289D1E2300C59679 /* SceneDelegate.swift in Sources */,
			);
			runOnlyForDeploymentPostprocessing = 0;
		};
/* End PBXSourcesBuildPhase section */

/* Begin PBXVariantGroup section */
		3EBAF498289D1E2300C59679 /* Main.storyboard */ = {
			isa = PBXVariantGroup;
			children = (
				3EBAF499289D1E2300C59679 /* Base */,
			);
			name = Main.storyboard;
			sourceTree = "<group>";
		};
		3EBAF49D289D1E2400C59679 /* LaunchScreen.storyboard */ = {
			isa = PBXVariantGroup;
			children = (
				3EBAF49E289D1E2400C59679 /* Base */,
			);
			name = LaunchScreen.storyboard;
			sourceTree = "<group>";
		};
/* End PBXVariantGroup section */

/* Begin XCBuildConfiguration section */
		3EBAF4A1289D1E2400C59679 /* Debug */ = {
			isa = XCBuildConfiguration;
			buildSettings = {
				ALWAYS_SEARCH_USER_PATHS = NO;
				CLANG_ANALYZER_NONNULL = YES;
				CLANG_ANALYZER_NUMBER_OBJECT_CONVERSION = YES_AGGRESSIVE;
				CLANG_CXX_LANGUAGE_STANDARD = "gnu++17";
				CLANG_ENABLE_MODULES = YES;
				CLANG_ENABLE_OBJC_ARC = YES;
				CLANG_ENABLE_OBJC_WEAK = YES;
				CLANG_WARN_BLOCK_CAPTURE_AUTORELEASING = YES;
				CLANG_WARN_BOOL_CONVERSION = YES;
				CLANG_WARN_COMMA = YES;
				CLANG_WARN_CONSTANT_CONVERSION = YES;
				CLANG_WARN_DEPRECATED_OBJC_IMPLEMENTATIONS = YES;
				CLANG_WARN_DIRECT_OBJC_ISA_USAGE = YES_ERROR;
				CLANG_WARN_DOCUMENTATION_COMMENTS = YES;
				CLANG_WARN_EMPTY_BODY = YES;
				CLANG_WARN_ENUM_CONVERSION = YES;
				CLANG_WARN_INFINITE_RECURSION = YES;
				CLANG_WARN_INT_CONVERSION = YES;
				CLANG_WARN_NON_LITERAL_NULL_CONVERSION = YES;
				CLANG_WARN_OBJC_IMPLICIT_RETAIN_SELF = YES;
				CLANG_WARN_OBJC_LITERAL_CONVERSION = YES;
				CLANG_WARN_OBJC_ROOT_CLASS = YES_ERROR;
				CLANG_WARN_QUOTED_INCLUDE_IN_FRAMEWORK_HEADER = YES;
				CLANG_WARN_RANGE_LOOP_ANALYSIS = YES;
				CLANG_WARN_STRICT_PROTOTYPES = YES;
				CLANG_WARN_SUSPICIOUS_MOVE = YES;
				CLANG_WARN_UNGUARDED_AVAILABILITY = YES_AGGRESSIVE;
				CLANG_WARN_UNREACHABLE_CODE = YES;
				CLANG_WARN__DUPLICATE_METHOD_MATCH = YES;
				COPY_PHASE_STRIP = NO;
				DEBUG_INFORMATION_FORMAT = dwarf;
				ENABLE_STRICT_OBJC_MSGSEND = YES;
				ENABLE_TESTABILITY = YES;
				GCC_C_LANGUAGE_STANDARD = gnu11;
				GCC_DYNAMIC_NO_PIC = NO;
				GCC_NO_COMMON_BLOCKS = YES;
				GCC_OPTIMIZATION_LEVEL = 0;
				GCC_PREPROCESSOR_DEFINITIONS = (
					"DEBUG=1",
					"$(inherited)",
				);
				GCC_WARN_64_TO_32_BIT_CONVERSION = YES;
				GCC_WARN_ABOUT_RETURN_TYPE = YES_ERROR;
				GCC_WARN_UNDECLARED_SELECTOR = YES;
				GCC_WARN_UNINITIALIZED_AUTOS = YES_AGGRESSIVE;
				GCC_WARN_UNUSED_FUNCTION = YES;
				GCC_WARN_UNUSED_VARIABLE = YES;
				IPHONEOS_DEPLOYMENT_TARGET = 15.5;
				MTL_ENABLE_DEBUG_INFO = INCLUDE_SOURCE;
				MTL_FAST_MATH = YES;
				ONLY_ACTIVE_ARCH = YES;
				SDKROOT = iphoneos;
				SWIFT_ACTIVE_COMPILATION_CONDITIONS = DEBUG;
				SWIFT_OPTIMIZATION_LEVEL = "-Onone";
			};
			name = Debug;
		};
		3EBAF4A2289D1E2400C59679 /* Release */ = {
			isa = XCBuildConfiguration;
			buildSettings = {
				ALWAYS_SEARCH_USER_PATHS = NO;
				CLANG_ANALYZER_NONNULL = YES;
				CLANG_ANALYZER_NUMBER_OBJECT_CONVERSION = YES_AGGRESSIVE;
				CLANG_CXX_LANGUAGE_STANDARD = "gnu++17";
				CLANG_ENABLE_MODULES = YES;
				CLANG_ENABLE_OBJC_ARC = YES;
				CLANG_ENABLE_OBJC_WEAK = YES;
				CLANG_WARN_BLOCK_CAPTURE_AUTORELEASING = YES;
				CLANG_WARN_BOOL_CONVERSION = YES;
				CLANG_WARN_COMMA = YES;
				CLANG_WARN_CONSTANT_CONVERSION = YES;
				CLANG_WARN_DEPRECATED_OBJC_IMPLEMENTATIONS = YES;
				CLANG_WARN_DIRECT_OBJC_ISA_USAGE = YES_ERROR;
				CLANG_WARN_DOCUMENTATION_COMMENTS = YES;
				CLANG_WARN_EMPTY_BODY = YES;
				CLANG_WARN_ENUM_CONVERSION = YES;
				CLANG_WARN_INFINITE_RECURSION = YES;
				CLANG_WARN_INT_CONVERSION = YES;
				CLANG_WARN_NON_LITERAL_NULL_CONVERSION = YES;
				CLANG_WARN_OBJC_IMPLICIT_RETAIN_SELF = YES;
				CLANG_WARN_OBJC_LITERAL_CONVERSION = YES;
				CLANG_WARN_OBJC_ROOT_CLASS = YES_ERROR;
				CLANG_WARN_QUOTED_INCLUDE_IN_FRAMEWORK_HEADER = YES;
				CLANG_WARN_RANGE_LOOP_ANALYSIS = YES;
				CLANG_WARN_STRICT_PROTOTYPES = YES;
				CLANG_WARN_SUSPICIOUS_MOVE = YES;
				CLANG_WARN_UNGUARDED_AVAILABILITY = YES_AGGRESSIVE;
				CLANG_WARN_UNREACHABLE_CODE = YES;
				CLANG_WARN__DUPLICATE_METHOD_MATCH = YES;
				COPY_PHASE_STRIP = NO;
				DEBUG_INFORMATION_FORMAT = "dwarf-with-dsym";
				ENABLE_NS_ASSERTIONS = NO;
				ENABLE_STRICT_OBJC_MSGSEND = YES;
				GCC_C_LANGUAGE_STANDARD = gnu11;
				GCC_NO_COMMON_BLOCKS = YES;
				GCC_WARN_64_TO_32_BIT_CONVERSION = YES;
				GCC_WARN_ABOUT_RETURN_TYPE = YES_ERROR;
				GCC_WARN_UNDECLARED_SELECTOR = YES;
				GCC_WARN_UNINITIALIZED_AUTOS = YES_AGGRESSIVE;
				GCC_WARN_UNUSED_FUNCTION = YES;
				GCC_WARN_UNUSED_VARIABLE = YES;
				IPHONEOS_DEPLOYMENT_TARGET = 15.5;
				MTL_ENABLE_DEBUG_INFO = NO;
				MTL_FAST_MATH = YES;
				SDKROOT = iphoneos;
				SWIFT_COMPILATION_MODE = wholemodule;
				SWIFT_OPTIMIZATION_LEVEL = "-O";
				VALIDATE_PRODUCT = YES;
			};
			name = Release;
		};
		3EBAF4A4289D1E2400C59679 /* Debug */ = {
			isa = XCBuildConfiguration;
			baseConfigurationReference = 9BF0BBE1F270D4042C173C58 /* Pods-ManageFiles.debug.xcconfig */;
			buildSettings = {
				ASSETCATALOG_COMPILER_APPICON_NAME = AppIcon;
				ASSETCATALOG_COMPILER_GLOBAL_ACCENT_COLOR_NAME = AccentColor;
				CODE_SIGN_STYLE = Automatic;
				CURRENT_PROJECT_VERSION = 1;
				DEVELOPMENT_TEAM = ZX8LBHXXZB;
				GENERATE_INFOPLIST_FILE = YES;
				INFOPLIST_FILE = ManageFiles/Info.plist;
				INFOPLIST_KEY_UIApplicationSupportsIndirectInputEvents = YES;
				INFOPLIST_KEY_UILaunchStoryboardName = LaunchScreen;
				INFOPLIST_KEY_UIMainStoryboardFile = Main;
				INFOPLIST_KEY_UISupportedInterfaceOrientations_iPad = "UIInterfaceOrientationPortrait UIInterfaceOrientationPortraitUpsideDown UIInterfaceOrientationLandscapeLeft UIInterfaceOrientationLandscapeRight";
				INFOPLIST_KEY_UISupportedInterfaceOrientations_iPhone = "UIInterfaceOrientationPortrait UIInterfaceOrientationLandscapeLeft UIInterfaceOrientationLandscapeRight";
				LD_RUNPATH_SEARCH_PATHS = (
					"$(inherited)",
					"@executable_path/Frameworks",
				);
				MARKETING_VERSION = 1.0;
				PRODUCT_BUNDLE_IDENTIFIER = haiphan.ManageFiles;
				PRODUCT_NAME = "$(TARGET_NAME)";
				SWIFT_EMIT_LOC_STRINGS = YES;
				SWIFT_VERSION = 5.0;
				TARGETED_DEVICE_FAMILY = "1,2";
			};
			name = Debug;
		};
		3EBAF4A5289D1E2400C59679 /* Release */ = {
			isa = XCBuildConfiguration;
			baseConfigurationReference = A2DADE88449BC81FDEA7B3C6 /* Pods-ManageFiles.release.xcconfig */;
			buildSettings = {
				ASSETCATALOG_COMPILER_APPICON_NAME = AppIcon;
				ASSETCATALOG_COMPILER_GLOBAL_ACCENT_COLOR_NAME = AccentColor;
				CODE_SIGN_STYLE = Automatic;
				CURRENT_PROJECT_VERSION = 1;
				DEVELOPMENT_TEAM = ZX8LBHXXZB;
				GENERATE_INFOPLIST_FILE = YES;
				INFOPLIST_FILE = ManageFiles/Info.plist;
				INFOPLIST_KEY_UIApplicationSupportsIndirectInputEvents = YES;
				INFOPLIST_KEY_UILaunchStoryboardName = LaunchScreen;
				INFOPLIST_KEY_UIMainStoryboardFile = Main;
				INFOPLIST_KEY_UISupportedInterfaceOrientations_iPad = "UIInterfaceOrientationPortrait UIInterfaceOrientationPortraitUpsideDown UIInterfaceOrientationLandscapeLeft UIInterfaceOrientationLandscapeRight";
				INFOPLIST_KEY_UISupportedInterfaceOrientations_iPhone = "UIInterfaceOrientationPortrait UIInterfaceOrientationLandscapeLeft UIInterfaceOrientationLandscapeRight";
				LD_RUNPATH_SEARCH_PATHS = (
					"$(inherited)",
					"@executable_path/Frameworks",
				);
				MARKETING_VERSION = 1.0;
				PRODUCT_BUNDLE_IDENTIFIER = haiphan.ManageFiles;
				PRODUCT_NAME = "$(TARGET_NAME)";
				SWIFT_EMIT_LOC_STRINGS = YES;
				SWIFT_VERSION = 5.0;
				TARGETED_DEVICE_FAMILY = "1,2";
			};
			name = Release;
		};
/* End XCBuildConfiguration section */

/* Begin XCConfigurationList section */
		3EBAF48A289D1E2300C59679 /* Build configuration list for PBXProject "ManageFiles" */ = {
			isa = XCConfigurationList;
			buildConfigurations = (
				3EBAF4A1289D1E2400C59679 /* Debug */,
				3EBAF4A2289D1E2400C59679 /* Release */,
			);
			defaultConfigurationIsVisible = 0;
			defaultConfigurationName = Release;
		};
		3EBAF4A3289D1E2400C59679 /* Build configuration list for PBXNativeTarget "ManageFiles" */ = {
			isa = XCConfigurationList;
			buildConfigurations = (
				3EBAF4A4289D1E2400C59679 /* Debug */,
				3EBAF4A5289D1E2400C59679 /* Release */,
			);
			defaultConfigurationIsVisible = 0;
			defaultConfigurationName = Release;
		};
/* End XCConfigurationList section */
	};
	rootObject = 3EBAF487289D1E2300C59679 /* Project object */;
}
