// !$*UTF8*$!
{
	archiveVersion = 1;
	classes = {
	};
	objectVersion = 55;
	objects = {

/* Begin PBXBuildFile section */
		3EBAF493289D1E2300C59679 /* AppDelegate.swift in Sources */ = {isa = PBXBuildFile; fileRef = 3EBAF492289D1E2300C59679 /* AppDelegate.swift */; };
		3EBAF495289D1E2300C59679 /* SceneDelegate.swift in Sources */ = {isa = PBXBuildFile; fileRef = 3EBAF494289D1E2300C59679 /* SceneDelegate.swift */; };
		3EBAF497289D1E2300C59679 /* ViewController.swift in Sources */ = {isa = PBXBuildFile; fileRef = 3EBAF496289D1E2300C59679 /* ViewController.swift */; };
		3EBAF49A289D1E2300C59679 /* Main.storyboard in Resources */ = {isa = PBXBuildFile; fileRef = 3EBAF498289D1E2300C59679 /* Main.storyboard */; };
		3EBAF49C289D1E2400C59679 /* Assets.xcassets in Resources */ = {isa = PBXBuildFile; fileRef = 3EBAF49B289D1E2400C59679 /* Assets.xcassets */; };
		3EBAF49F289D1E2400C59679 /* LaunchScreen.storyboard in Resources */ = {isa = PBXBuildFile; fileRef = 3EBAF49D289D1E2400C59679 /* LaunchScreen.storyboard */; };
		9386D44128A78BBA00CC9335 /* ActionFilesVC.xib in Resources */ = {isa = PBXBuildFile; fileRef = 9386D43E28A78BBA00CC9335 /* ActionFilesVC.xib */; };
		9386D44228A78BBA00CC9335 /* ActionFilesVM.swift in Sources */ = {isa = PBXBuildFile; fileRef = 9386D43F28A78BBA00CC9335 /* ActionFilesVM.swift */; };
		9386D44328A78BBA00CC9335 /* ActionFilesVC.swift in Sources */ = {isa = PBXBuildFile; fileRef = 9386D44028A78BBA00CC9335 /* ActionFilesVC.swift */; };
		9386D44628A7905F00CC9335 /* NavigationActionView.xib in Resources */ = {isa = PBXBuildFile; fileRef = 9386D44528A7905F00CC9335 /* NavigationActionView.xib */; };
		9386D44828A790D000CC9335 /* NavigationActionView.swift in Sources */ = {isa = PBXBuildFile; fileRef = 9386D44728A790D000CC9335 /* NavigationActionView.swift */; };
		9386D45028A7F5B500CC9335 /* FontsFree-Net-SFProText-Regular.ttf in Resources */ = {isa = PBXBuildFile; fileRef = 9386D44B28A7F5B500CC9335 /* FontsFree-Net-SFProText-Regular.ttf */; };
		9386D45128A7F5B500CC9335 /* FontsFree-Net-SFProText-Semibold.ttf in Resources */ = {isa = PBXBuildFile; fileRef = 9386D44C28A7F5B500CC9335 /* FontsFree-Net-SFProText-Semibold.ttf */; };
		9386D45228A7F5B500CC9335 /* FontsFree-Net-SFProText-Medium.ttf in Resources */ = {isa = PBXBuildFile; fileRef = 9386D44D28A7F5B500CC9335 /* FontsFree-Net-SFProText-Medium.ttf */; };
		9386D45328A7F5B500CC9335 /* FontsFree-Net-SFProDisplay-Bold.ttf in Resources */ = {isa = PBXBuildFile; fileRef = 9386D44F28A7F5B500CC9335 /* FontsFree-Net-SFProDisplay-Bold.ttf */; };
		9390847328AD340A002B835B /* HomeCell.swift in Sources */ = {isa = PBXBuildFile; fileRef = 9390847128AD340A002B835B /* HomeCell.swift */; };
		9390847428AD340A002B835B /* HomeCell.xib in Resources */ = {isa = PBXBuildFile; fileRef = 9390847228AD340A002B835B /* HomeCell.xib */; };
		9390847728AD3BDD002B835B /* ToolsProtocol.swift in Sources */ = {isa = PBXBuildFile; fileRef = 9390847628AD3BDD002B835B /* ToolsProtocol.swift */; };
		9390847A28AD3D85002B835B /* Array+Extension.swift in Sources */ = {isa = PBXBuildFile; fileRef = 9390847928AD3D85002B835B /* Array+Extension.swift */; };
		9390847D28AD3FFB002B835B /* MoveToProtocol.swift in Sources */ = {isa = PBXBuildFile; fileRef = 9390847C28AD3FFB002B835B /* MoveToProtocol.swift */; };
		9390848028AD46FA002B835B /* SortView.swift in Sources */ = {isa = PBXBuildFile; fileRef = 9390847F28AD46FA002B835B /* SortView.swift */; };
		9390848228AD4746002B835B /* SortView.xib in Resources */ = {isa = PBXBuildFile; fileRef = 9390848128AD4746002B835B /* SortView.xib */; };
		9390848728AD4A33002B835B /* SortVC.xib in Resources */ = {isa = PBXBuildFile; fileRef = 9390848428AD4A33002B835B /* SortVC.xib */; };
		9390848828AD4A33002B835B /* SortVM.swift in Sources */ = {isa = PBXBuildFile; fileRef = 9390848528AD4A33002B835B /* SortVM.swift */; };
		9390848928AD4A33002B835B /* SortVC.swift in Sources */ = {isa = PBXBuildFile; fileRef = 9390848628AD4A33002B835B /* SortVC.swift */; };
		939DA475289D594A00AEEF49 /* HomeVC.xib in Resources */ = {isa = PBXBuildFile; fileRef = 939DA472289D594A00AEEF49 /* HomeVC.xib */; };
		939DA476289D594A00AEEF49 /* HomeVM.swift in Sources */ = {isa = PBXBuildFile; fileRef = 939DA473289D594A00AEEF49 /* HomeVM.swift */; };
		939DA477289D594A00AEEF49 /* HomeVC.swift in Sources */ = {isa = PBXBuildFile; fileRef = 939DA474289D594A00AEEF49 /* HomeVC.swift */; };
		939DA479289D59C400AEEF49 /* TabbarVC.swift in Sources */ = {isa = PBXBuildFile; fileRef = 939DA478289D59C400AEEF49 /* TabbarVC.swift */; };
		939DA47E289D5C6B00AEEF49 /* UIFont+Extension.swift in Sources */ = {isa = PBXBuildFile; fileRef = 939DA47D289D5C6B00AEEF49 /* UIFont+Extension.swift */; };
		939DA483289D5CA600AEEF49 /* Constant.swift in Sources */ = {isa = PBXBuildFile; fileRef = 939DA480289D5CA600AEEF49 /* Constant.swift */; };
		939DA484289D5CA600AEEF49 /* GetHeightSafeArea.swift in Sources */ = {isa = PBXBuildFile; fileRef = 939DA481289D5CA600AEEF49 /* GetHeightSafeArea.swift */; };
		939DA485289D5CA600AEEF49 /* SettingDefaultFont.swift in Sources */ = {isa = PBXBuildFile; fileRef = 939DA482289D5CA600AEEF49 /* SettingDefaultFont.swift */; };
		939DA48E289D5CEB00AEEF49 /* APILink.swift in Sources */ = {isa = PBXBuildFile; fileRef = 939DA489289D5CEB00AEEF49 /* APILink.swift */; };
		939DA48F289D5CEB00AEEF49 /* ErrorTracker.swift in Sources */ = {isa = PBXBuildFile; fileRef = 939DA48A289D5CEB00AEEF49 /* ErrorTracker.swift */; };
		939DA490289D5CEB00AEEF49 /* OptionalMessageDTO.swift in Sources */ = {isa = PBXBuildFile; fileRef = 939DA48B289D5CEB00AEEF49 /* OptionalMessageDTO.swift */; };
		939DA491289D5CEB00AEEF49 /* ReadJson.swift in Sources */ = {isa = PBXBuildFile; fileRef = 939DA48C289D5CEB00AEEF49 /* ReadJson.swift */; };
		939DA492289D5CEB00AEEF49 /* Request.swift in Sources */ = {isa = PBXBuildFile; fileRef = 939DA48D289D5CEB00AEEF49 /* Request.swift */; };
		939DA495289D5D0300AEEF49 /* RealmManager.swift in Sources */ = {isa = PBXBuildFile; fileRef = 939DA494289D5D0200AEEF49 /* RealmManager.swift */; };
		939DA497289D5D1F00AEEF49 /* RealmModel.swift in Sources */ = {isa = PBXBuildFile; fileRef = 939DA496289D5D1F00AEEF49 /* RealmModel.swift */; };
		939DA499289D5D8B00AEEF49 /* Encode+Extension.swift in Sources */ = {isa = PBXBuildFile; fileRef = 939DA498289D5D8B00AEEF49 /* Encode+Extension.swift */; };
		939DA49C289D5D9A00AEEF49 /* PropertyWapper.swift in Sources */ = {isa = PBXBuildFile; fileRef = 939DA49A289D5D9A00AEEF49 /* PropertyWapper.swift */; };
		939DA49D289D5D9A00AEEF49 /* Obserable+Extension.swift in Sources */ = {isa = PBXBuildFile; fileRef = 939DA49B289D5D9A00AEEF49 /* Obserable+Extension.swift */; };
		939DA49F289D5DA000AEEF49 /* PushNotificationKeys.swift in Sources */ = {isa = PBXBuildFile; fileRef = 939DA49E289D5DA000AEEF49 /* PushNotificationKeys.swift */; };
		939DA4A5289D604800AEEF49 /* ListFontVC.xib in Resources */ = {isa = PBXBuildFile; fileRef = 939DA4A2289D604800AEEF49 /* ListFontVC.xib */; };
		939DA4A6289D604800AEEF49 /* ListFontVM.swift in Sources */ = {isa = PBXBuildFile; fileRef = 939DA4A3289D604800AEEF49 /* ListFontVM.swift */; };
		939DA4A7289D604800AEEF49 /* ListFontVC.swift in Sources */ = {isa = PBXBuildFile; fileRef = 939DA4A4289D604800AEEF49 /* ListFontVC.swift */; };
		93A847F528A3FD89004519CF /* Addition.json in Resources */ = {isa = PBXBuildFile; fileRef = 93A847F428A3FD89004519CF /* Addition.json */; };
		93A847FA28A3FE48004519CF /* AdditionVC.xib in Resources */ = {isa = PBXBuildFile; fileRef = 93A847F728A3FE48004519CF /* AdditionVC.xib */; };
		93A847FB28A3FE48004519CF /* AdditionVM.swift in Sources */ = {isa = PBXBuildFile; fileRef = 93A847F828A3FE48004519CF /* AdditionVM.swift */; };
		93A847FC28A3FE48004519CF /* AdditionVC.swift in Sources */ = {isa = PBXBuildFile; fileRef = 93A847F928A3FE48004519CF /* AdditionVC.swift */; };
		93A847FF28A40E07004519CF /* AdditionProtocol.swift in Sources */ = {isa = PBXBuildFile; fileRef = 93A847FE28A40E07004519CF /* AdditionProtocol.swift */; };
		93A9602F28AE90AF00A1986D /* FolderVC.xib in Resources */ = {isa = PBXBuildFile; fileRef = 93A9602C28AE90AF00A1986D /* FolderVC.xib */; };
		93A9603028AE90AF00A1986D /* FolderVM.swift in Sources */ = {isa = PBXBuildFile; fileRef = 93A9602D28AE90AF00A1986D /* FolderVM.swift */; };
		93A9603128AE90AF00A1986D /* FolderVC.swift in Sources */ = {isa = PBXBuildFile; fileRef = 93A9602E28AE90AF00A1986D /* FolderVC.swift */; };
		93AA03C028AFC12F0064EFA7 /* NavigationSearchView.swift in Sources */ = {isa = PBXBuildFile; fileRef = 93AA03BF28AFC12F0064EFA7 /* NavigationSearchView.swift */; };
		93AA03C228AFC1490064EFA7 /* NavigationSearchView.xib in Resources */ = {isa = PBXBuildFile; fileRef = 93AA03C128AFC1490064EFA7 /* NavigationSearchView.xib */; };
		93AA03C728AFC8A90064EFA7 /* FilesMenuVC.xib in Resources */ = {isa = PBXBuildFile; fileRef = 93AA03C428AFC8A90064EFA7 /* FilesMenuVC.xib */; };
		93AA03C828AFC8A90064EFA7 /* FilesMenuVM.swift in Sources */ = {isa = PBXBuildFile; fileRef = 93AA03C528AFC8A90064EFA7 /* FilesMenuVM.swift */; };
		93AA03C928AFC8A90064EFA7 /* FilesMenuVC.swift in Sources */ = {isa = PBXBuildFile; fileRef = 93AA03C628AFC8A90064EFA7 /* FilesMenuVC.swift */; };
		93B4603428A92B8200E21A9E /* AutoLayout+Extension.swift in Sources */ = {isa = PBXBuildFile; fileRef = 93B4603328A92B8200E21A9E /* AutoLayout+Extension.swift */; };
		93B663F4289E582F001BFA47 /* Utility.swift in Sources */ = {isa = PBXBuildFile; fileRef = 93B663F3289E582F001BFA47 /* Utility.swift */; };
		93B663F8289E5C32001BFA47 /* swiftgen.yml in Resources */ = {isa = PBXBuildFile; fileRef = 93B663F7289E5C32001BFA47 /* swiftgen.yml */; };
		93B663FB289E5D9D001BFA47 /* Assets.swift in Sources */ = {isa = PBXBuildFile; fileRef = 93B663FA289E5D9D001BFA47 /* Assets.swift */; };
		93B66400289E710D001BFA47 /* SearchView.xib in Resources */ = {isa = PBXBuildFile; fileRef = 93B663FF289E710D001BFA47 /* SearchView.xib */; };
		93B66402289E7174001BFA47 /* SearchView.swift in Sources */ = {isa = PBXBuildFile; fileRef = 93B66401289E7174001BFA47 /* SearchView.swift */; };
		93B66406289E75CF001BFA47 /* FilesVC.xib in Resources */ = {isa = PBXBuildFile; fileRef = 93B66403289E75CF001BFA47 /* FilesVC.xib */; };
		93B66407289E75CF001BFA47 /* FilesVM.swift in Sources */ = {isa = PBXBuildFile; fileRef = 93B66404289E75CF001BFA47 /* FilesVM.swift */; };
		93B66408289E75CF001BFA47 /* FilesVC.swift in Sources */ = {isa = PBXBuildFile; fileRef = 93B66405289E75CF001BFA47 /* FilesVC.swift */; };
		93B6640A289E7759001BFA47 /* BaseVC.swift in Sources */ = {isa = PBXBuildFile; fileRef = 93B66409289E7759001BFA47 /* BaseVC.swift */; };
		93B6640D289E7887001BFA47 /* FilesCellView.xib in Resources */ = {isa = PBXBuildFile; fileRef = 93B6640C289E7887001BFA47 /* FilesCellView.xib */; };
		93B6640F289E78DD001BFA47 /* FilesCellView.swift in Sources */ = {isa = PBXBuildFile; fileRef = 93B6640E289E78DD001BFA47 /* FilesCellView.swift */; };
		93B66412289E79E8001BFA47 /* BaseViewSetUp.swift in Sources */ = {isa = PBXBuildFile; fileRef = 93B66411289E79E8001BFA47 /* BaseViewSetUp.swift */; };
		93B66417289E7F8D001BFA47 /* FilesCell.swift in Sources */ = {isa = PBXBuildFile; fileRef = 93B66415289E7F8D001BFA47 /* FilesCell.swift */; };
		93B66418289E7F8D001BFA47 /* FilesCell.xib in Resources */ = {isa = PBXBuildFile; fileRef = 93B66416289E7F8D001BFA47 /* FilesCell.xib */; };
		93B6641B289E87AC001BFA47 /* BaseTabbarVC.swift in Sources */ = {isa = PBXBuildFile; fileRef = 93B6641A289E87AC001BFA47 /* BaseTabbarVC.swift */; };
		93B6641D289E8A24001BFA47 /* BaseTabbarVM.swift in Sources */ = {isa = PBXBuildFile; fileRef = 93B6641C289E8A24001BFA47 /* BaseTabbarVM.swift */; };
		93B6641F289EA1A2001BFA47 /* GlobalApp.swift in Sources */ = {isa = PBXBuildFile; fileRef = 93B6641E289EA1A2001BFA47 /* GlobalApp.swift */; };
		93B66424289EC327001BFA47 /* ToolsVC.xib in Resources */ = {isa = PBXBuildFile; fileRef = 93B66421289EC327001BFA47 /* ToolsVC.xib */; };
		93B66425289EC327001BFA47 /* ToolsVM.swift in Sources */ = {isa = PBXBuildFile; fileRef = 93B66422289EC327001BFA47 /* ToolsVM.swift */; };
		93B66426289EC327001BFA47 /* ToolsVC.swift in Sources */ = {isa = PBXBuildFile; fileRef = 93B66423289EC327001BFA47 /* ToolsVC.swift */; };
		93B6642D289ECC41001BFA47 /* SettingCell.swift in Sources */ = {isa = PBXBuildFile; fileRef = 93B6642B289ECC41001BFA47 /* SettingCell.swift */; };
		93B6642E289ECC41001BFA47 /* SettingCell.xib in Resources */ = {isa = PBXBuildFile; fileRef = 93B6642C289ECC41001BFA47 /* SettingCell.xib */; };
		93B66431289ECCC4001BFA47 /* SettingView.swift in Sources */ = {isa = PBXBuildFile; fileRef = 93B66430289ECCC4001BFA47 /* SettingView.swift */; };
		93B66433289ECCCD001BFA47 /* SettingView.xib in Resources */ = {isa = PBXBuildFile; fileRef = 93B66432289ECCCD001BFA47 /* SettingView.xib */; };
		93B66438289ECD22001BFA47 /* SettingVC.xib in Resources */ = {isa = PBXBuildFile; fileRef = 93B66435289ECD21001BFA47 /* SettingVC.xib */; };
		93B66439289ECD22001BFA47 /* SettingVM.swift in Sources */ = {isa = PBXBuildFile; fileRef = 93B66436289ECD21001BFA47 /* SettingVM.swift */; };
		93B6643A289ECD22001BFA47 /* SettingVC.swift in Sources */ = {isa = PBXBuildFile; fileRef = 93B66437289ECD21001BFA47 /* SettingVC.swift */; };
		93B6643D289ECEB4001BFA47 /* BaseSetting.swift in Sources */ = {isa = PBXBuildFile; fileRef = 93B6643C289ECEB4001BFA47 /* BaseSetting.swift */; };
		93B66440289ECF2C001BFA47 /* BaseSettingModel.swift in Sources */ = {isa = PBXBuildFile; fileRef = 93B6643F289ECF2C001BFA47 /* BaseSettingModel.swift */; };
		93B66444289ED586001BFA47 /* Setting.json in Resources */ = {isa = PBXBuildFile; fileRef = 93B66443289ED586001BFA47 /* Setting.json */; };
		93F85C8528B0C82E009A6A66 /* GlobalAppProtocol.swift in Sources */ = {isa = PBXBuildFile; fileRef = 93F85C8428B0C82E009A6A66 /* GlobalAppProtocol.swift */; };
		93F85C8728B0CBD3009A6A66 /* image_check.png in Resources */ = {isa = PBXBuildFile; fileRef = 93F85C8628B0CBD3009A6A66 /* image_check.png */; };
		BB3EC696ADB130C5D448D548 /* Pods_ManageFiles.framework in Frameworks */ = {isa = PBXBuildFile; fileRef = F38D181B8E17A7419E334DA3 /* Pods_ManageFiles.framework */; };
/* End PBXBuildFile section */

/* Begin PBXFileReference section */
		3EBAF48F289D1E2300C59679 /* ManageFiles.app */ = {isa = PBXFileReference; explicitFileType = wrapper.application; includeInIndex = 0; path = ManageFiles.app; sourceTree = BUILT_PRODUCTS_DIR; };
		3EBAF492289D1E2300C59679 /* AppDelegate.swift */ = {isa = PBXFileReference; lastKnownFileType = sourcecode.swift; path = AppDelegate.swift; sourceTree = "<group>"; };
		3EBAF494289D1E2300C59679 /* SceneDelegate.swift */ = {isa = PBXFileReference; lastKnownFileType = sourcecode.swift; path = SceneDelegate.swift; sourceTree = "<group>"; };
		3EBAF496289D1E2300C59679 /* ViewController.swift */ = {isa = PBXFileReference; lastKnownFileType = sourcecode.swift; path = ViewController.swift; sourceTree = "<group>"; };
		3EBAF499289D1E2300C59679 /* Base */ = {isa = PBXFileReference; lastKnownFileType = file.storyboard; name = Base; path = Base.lproj/Main.storyboard; sourceTree = "<group>"; };
		3EBAF49B289D1E2400C59679 /* Assets.xcassets */ = {isa = PBXFileReference; lastKnownFileType = folder.assetcatalog; path = Assets.xcassets; sourceTree = "<group>"; };
		3EBAF49E289D1E2400C59679 /* Base */ = {isa = PBXFileReference; lastKnownFileType = file.storyboard; name = Base; path = Base.lproj/LaunchScreen.storyboard; sourceTree = "<group>"; };
		3EBAF4A0289D1E2400C59679 /* Info.plist */ = {isa = PBXFileReference; lastKnownFileType = text.plist.xml; path = Info.plist; sourceTree = "<group>"; };
		9386D43E28A78BBA00CC9335 /* ActionFilesVC.xib */ = {isa = PBXFileReference; lastKnownFileType = file.xib; path = ActionFilesVC.xib; sourceTree = "<group>"; };
		9386D43F28A78BBA00CC9335 /* ActionFilesVM.swift */ = {isa = PBXFileReference; lastKnownFileType = sourcecode.swift; path = ActionFilesVM.swift; sourceTree = "<group>"; };
		9386D44028A78BBA00CC9335 /* ActionFilesVC.swift */ = {isa = PBXFileReference; lastKnownFileType = sourcecode.swift; path = ActionFilesVC.swift; sourceTree = "<group>"; };
		9386D44528A7905F00CC9335 /* NavigationActionView.xib */ = {isa = PBXFileReference; lastKnownFileType = file.xib; path = NavigationActionView.xib; sourceTree = "<group>"; };
		9386D44728A790D000CC9335 /* NavigationActionView.swift */ = {isa = PBXFileReference; lastKnownFileType = sourcecode.swift; path = NavigationActionView.swift; sourceTree = "<group>"; };
		9386D44B28A7F5B500CC9335 /* FontsFree-Net-SFProText-Regular.ttf */ = {isa = PBXFileReference; lastKnownFileType = file; path = "FontsFree-Net-SFProText-Regular.ttf"; sourceTree = "<group>"; };
		9386D44C28A7F5B500CC9335 /* FontsFree-Net-SFProText-Semibold.ttf */ = {isa = PBXFileReference; lastKnownFileType = file; path = "FontsFree-Net-SFProText-Semibold.ttf"; sourceTree = "<group>"; };
		9386D44D28A7F5B500CC9335 /* FontsFree-Net-SFProText-Medium.ttf */ = {isa = PBXFileReference; lastKnownFileType = file; path = "FontsFree-Net-SFProText-Medium.ttf"; sourceTree = "<group>"; };
		9386D44F28A7F5B500CC9335 /* FontsFree-Net-SFProDisplay-Bold.ttf */ = {isa = PBXFileReference; lastKnownFileType = file; path = "FontsFree-Net-SFProDisplay-Bold.ttf"; sourceTree = "<group>"; };
		9390847128AD340A002B835B /* HomeCell.swift */ = {isa = PBXFileReference; lastKnownFileType = sourcecode.swift; path = HomeCell.swift; sourceTree = "<group>"; };
		9390847228AD340A002B835B /* HomeCell.xib */ = {isa = PBXFileReference; lastKnownFileType = file.xib; path = HomeCell.xib; sourceTree = "<group>"; };
		9390847628AD3BDD002B835B /* ToolsProtocol.swift */ = {isa = PBXFileReference; lastKnownFileType = sourcecode.swift; path = ToolsProtocol.swift; sourceTree = "<group>"; };
		9390847928AD3D85002B835B /* Array+Extension.swift */ = {isa = PBXFileReference; lastKnownFileType = sourcecode.swift; path = "Array+Extension.swift"; sourceTree = "<group>"; };
		9390847C28AD3FFB002B835B /* MoveToProtocol.swift */ = {isa = PBXFileReference; lastKnownFileType = sourcecode.swift; path = MoveToProtocol.swift; sourceTree = "<group>"; };
		9390847F28AD46FA002B835B /* SortView.swift */ = {isa = PBXFileReference; lastKnownFileType = sourcecode.swift; name = SortView.swift; path = ManageFiles/Views/Sort/SortView.swift; sourceTree = SOURCE_ROOT; };
		9390848128AD4746002B835B /* SortView.xib */ = {isa = PBXFileReference; lastKnownFileType = file.xib; path = SortView.xib; sourceTree = "<group>"; };
		9390848428AD4A33002B835B /* SortVC.xib */ = {isa = PBXFileReference; lastKnownFileType = file.xib; path = SortVC.xib; sourceTree = "<group>"; };
		9390848528AD4A33002B835B /* SortVM.swift */ = {isa = PBXFileReference; lastKnownFileType = sourcecode.swift; path = SortVM.swift; sourceTree = "<group>"; };
		9390848628AD4A33002B835B /* SortVC.swift */ = {isa = PBXFileReference; lastKnownFileType = sourcecode.swift; path = SortVC.swift; sourceTree = "<group>"; };
		939DA472289D594A00AEEF49 /* HomeVC.xib */ = {isa = PBXFileReference; lastKnownFileType = file.xib; path = HomeVC.xib; sourceTree = "<group>"; };
		939DA473289D594A00AEEF49 /* HomeVM.swift */ = {isa = PBXFileReference; lastKnownFileType = sourcecode.swift; path = HomeVM.swift; sourceTree = "<group>"; };
		939DA474289D594A00AEEF49 /* HomeVC.swift */ = {isa = PBXFileReference; lastKnownFileType = sourcecode.swift; path = HomeVC.swift; sourceTree = "<group>"; };
		939DA478289D59C400AEEF49 /* TabbarVC.swift */ = {isa = PBXFileReference; lastKnownFileType = sourcecode.swift; path = TabbarVC.swift; sourceTree = "<group>"; };
		939DA47D289D5C6B00AEEF49 /* UIFont+Extension.swift */ = {isa = PBXFileReference; fileEncoding = 4; lastKnownFileType = sourcecode.swift; path = "UIFont+Extension.swift"; sourceTree = "<group>"; };
		939DA480289D5CA600AEEF49 /* Constant.swift */ = {isa = PBXFileReference; fileEncoding = 4; lastKnownFileType = sourcecode.swift; path = Constant.swift; sourceTree = "<group>"; };
		939DA481289D5CA600AEEF49 /* GetHeightSafeArea.swift */ = {isa = PBXFileReference; fileEncoding = 4; lastKnownFileType = sourcecode.swift; path = GetHeightSafeArea.swift; sourceTree = "<group>"; };
		939DA482289D5CA600AEEF49 /* SettingDefaultFont.swift */ = {isa = PBXFileReference; fileEncoding = 4; lastKnownFileType = sourcecode.swift; path = SettingDefaultFont.swift; sourceTree = "<group>"; };
		939DA489289D5CEB00AEEF49 /* APILink.swift */ = {isa = PBXFileReference; fileEncoding = 4; lastKnownFileType = sourcecode.swift; path = APILink.swift; sourceTree = "<group>"; };
		939DA48A289D5CEB00AEEF49 /* ErrorTracker.swift */ = {isa = PBXFileReference; fileEncoding = 4; lastKnownFileType = sourcecode.swift; path = ErrorTracker.swift; sourceTree = "<group>"; };
		939DA48B289D5CEB00AEEF49 /* OptionalMessageDTO.swift */ = {isa = PBXFileReference; fileEncoding = 4; lastKnownFileType = sourcecode.swift; path = OptionalMessageDTO.swift; sourceTree = "<group>"; };
		939DA48C289D5CEB00AEEF49 /* ReadJson.swift */ = {isa = PBXFileReference; fileEncoding = 4; lastKnownFileType = sourcecode.swift; path = ReadJson.swift; sourceTree = "<group>"; };
		939DA48D289D5CEB00AEEF49 /* Request.swift */ = {isa = PBXFileReference; fileEncoding = 4; lastKnownFileType = sourcecode.swift; path = Request.swift; sourceTree = "<group>"; };
		939DA494289D5D0200AEEF49 /* RealmManager.swift */ = {isa = PBXFileReference; fileEncoding = 4; lastKnownFileType = sourcecode.swift; path = RealmManager.swift; sourceTree = "<group>"; };
		939DA496289D5D1F00AEEF49 /* RealmModel.swift */ = {isa = PBXFileReference; fileEncoding = 4; lastKnownFileType = sourcecode.swift; path = RealmModel.swift; sourceTree = "<group>"; };
		939DA498289D5D8B00AEEF49 /* Encode+Extension.swift */ = {isa = PBXFileReference; fileEncoding = 4; lastKnownFileType = sourcecode.swift; path = "Encode+Extension.swift"; sourceTree = "<group>"; };
		939DA49A289D5D9A00AEEF49 /* PropertyWapper.swift */ = {isa = PBXFileReference; fileEncoding = 4; lastKnownFileType = sourcecode.swift; path = PropertyWapper.swift; sourceTree = "<group>"; };
		939DA49B289D5D9A00AEEF49 /* Obserable+Extension.swift */ = {isa = PBXFileReference; fileEncoding = 4; lastKnownFileType = sourcecode.swift; path = "Obserable+Extension.swift"; sourceTree = "<group>"; };
		939DA49E289D5DA000AEEF49 /* PushNotificationKeys.swift */ = {isa = PBXFileReference; fileEncoding = 4; lastKnownFileType = sourcecode.swift; path = PushNotificationKeys.swift; sourceTree = "<group>"; };
		939DA4A2289D604800AEEF49 /* ListFontVC.xib */ = {isa = PBXFileReference; lastKnownFileType = file.xib; path = ListFontVC.xib; sourceTree = "<group>"; };
		939DA4A3289D604800AEEF49 /* ListFontVM.swift */ = {isa = PBXFileReference; lastKnownFileType = sourcecode.swift; path = ListFontVM.swift; sourceTree = "<group>"; };
		939DA4A4289D604800AEEF49 /* ListFontVC.swift */ = {isa = PBXFileReference; lastKnownFileType = sourcecode.swift; path = ListFontVC.swift; sourceTree = "<group>"; };
		93A847F428A3FD89004519CF /* Addition.json */ = {isa = PBXFileReference; fileEncoding = 4; lastKnownFileType = text.json; path = Addition.json; sourceTree = "<group>"; };
		93A847F728A3FE48004519CF /* AdditionVC.xib */ = {isa = PBXFileReference; lastKnownFileType = file.xib; path = AdditionVC.xib; sourceTree = "<group>"; };
		93A847F828A3FE48004519CF /* AdditionVM.swift */ = {isa = PBXFileReference; lastKnownFileType = sourcecode.swift; path = AdditionVM.swift; sourceTree = "<group>"; };
		93A847F928A3FE48004519CF /* AdditionVC.swift */ = {isa = PBXFileReference; lastKnownFileType = sourcecode.swift; path = AdditionVC.swift; sourceTree = "<group>"; };
		93A847FE28A40E07004519CF /* AdditionProtocol.swift */ = {isa = PBXFileReference; lastKnownFileType = sourcecode.swift; path = AdditionProtocol.swift; sourceTree = "<group>"; };
		93A9602C28AE90AF00A1986D /* FolderVC.xib */ = {isa = PBXFileReference; lastKnownFileType = file.xib; path = FolderVC.xib; sourceTree = "<group>"; };
		93A9602D28AE90AF00A1986D /* FolderVM.swift */ = {isa = PBXFileReference; lastKnownFileType = sourcecode.swift; path = FolderVM.swift; sourceTree = "<group>"; };
		93A9602E28AE90AF00A1986D /* FolderVC.swift */ = {isa = PBXFileReference; lastKnownFileType = sourcecode.swift; path = FolderVC.swift; sourceTree = "<group>"; };
		93AA03BF28AFC12F0064EFA7 /* NavigationSearchView.swift */ = {isa = PBXFileReference; lastKnownFileType = sourcecode.swift; path = NavigationSearchView.swift; sourceTree = "<group>"; };
		93AA03C128AFC1490064EFA7 /* NavigationSearchView.xib */ = {isa = PBXFileReference; lastKnownFileType = file.xib; path = NavigationSearchView.xib; sourceTree = "<group>"; };
		93AA03C428AFC8A90064EFA7 /* FilesMenuVC.xib */ = {isa = PBXFileReference; lastKnownFileType = file.xib; path = FilesMenuVC.xib; sourceTree = "<group>"; };
		93AA03C528AFC8A90064EFA7 /* FilesMenuVM.swift */ = {isa = PBXFileReference; lastKnownFileType = sourcecode.swift; path = FilesMenuVM.swift; sourceTree = "<group>"; };
		93AA03C628AFC8A90064EFA7 /* FilesMenuVC.swift */ = {isa = PBXFileReference; lastKnownFileType = sourcecode.swift; path = FilesMenuVC.swift; sourceTree = "<group>"; };
		93B4603328A92B8200E21A9E /* AutoLayout+Extension.swift */ = {isa = PBXFileReference; lastKnownFileType = sourcecode.swift; path = "AutoLayout+Extension.swift"; sourceTree = "<group>"; };
		93B663F3289E582F001BFA47 /* Utility.swift */ = {isa = PBXFileReference; lastKnownFileType = sourcecode.swift; path = Utility.swift; sourceTree = "<group>"; };
		93B663F7289E5C32001BFA47 /* swiftgen.yml */ = {isa = PBXFileReference; lastKnownFileType = text.yaml; path = swiftgen.yml; sourceTree = "<group>"; };
		93B663FA289E5D9D001BFA47 /* Assets.swift */ = {isa = PBXFileReference; fileEncoding = 4; lastKnownFileType = sourcecode.swift; path = Assets.swift; sourceTree = "<group>"; };
		93B663FF289E710D001BFA47 /* SearchView.xib */ = {isa = PBXFileReference; lastKnownFileType = file.xib; path = SearchView.xib; sourceTree = "<group>"; };
		93B66401289E7174001BFA47 /* SearchView.swift */ = {isa = PBXFileReference; lastKnownFileType = sourcecode.swift; path = SearchView.swift; sourceTree = "<group>"; };
		93B66403289E75CF001BFA47 /* FilesVC.xib */ = {isa = PBXFileReference; lastKnownFileType = file.xib; path = FilesVC.xib; sourceTree = "<group>"; };
		93B66404289E75CF001BFA47 /* FilesVM.swift */ = {isa = PBXFileReference; lastKnownFileType = sourcecode.swift; path = FilesVM.swift; sourceTree = "<group>"; };
		93B66405289E75CF001BFA47 /* FilesVC.swift */ = {isa = PBXFileReference; lastKnownFileType = sourcecode.swift; path = FilesVC.swift; sourceTree = "<group>"; };
		93B66409289E7759001BFA47 /* BaseVC.swift */ = {isa = PBXFileReference; lastKnownFileType = sourcecode.swift; path = BaseVC.swift; sourceTree = "<group>"; };
		93B6640C289E7887001BFA47 /* FilesCellView.xib */ = {isa = PBXFileReference; lastKnownFileType = file.xib; path = FilesCellView.xib; sourceTree = "<group>"; };
		93B6640E289E78DD001BFA47 /* FilesCellView.swift */ = {isa = PBXFileReference; lastKnownFileType = sourcecode.swift; path = FilesCellView.swift; sourceTree = "<group>"; };
		93B66411289E79E8001BFA47 /* BaseViewSetUp.swift */ = {isa = PBXFileReference; lastKnownFileType = sourcecode.swift; path = BaseViewSetUp.swift; sourceTree = "<group>"; };
		93B66415289E7F8D001BFA47 /* FilesCell.swift */ = {isa = PBXFileReference; lastKnownFileType = sourcecode.swift; path = FilesCell.swift; sourceTree = "<group>"; };
		93B66416289E7F8D001BFA47 /* FilesCell.xib */ = {isa = PBXFileReference; lastKnownFileType = file.xib; path = FilesCell.xib; sourceTree = "<group>"; };
		93B6641A289E87AC001BFA47 /* BaseTabbarVC.swift */ = {isa = PBXFileReference; lastKnownFileType = sourcecode.swift; path = BaseTabbarVC.swift; sourceTree = "<group>"; };
		93B6641C289E8A24001BFA47 /* BaseTabbarVM.swift */ = {isa = PBXFileReference; lastKnownFileType = sourcecode.swift; path = BaseTabbarVM.swift; sourceTree = "<group>"; };
		93B6641E289EA1A2001BFA47 /* GlobalApp.swift */ = {isa = PBXFileReference; lastKnownFileType = sourcecode.swift; path = GlobalApp.swift; sourceTree = "<group>"; };
		93B66421289EC327001BFA47 /* ToolsVC.xib */ = {isa = PBXFileReference; lastKnownFileType = file.xib; path = ToolsVC.xib; sourceTree = "<group>"; };
		93B66422289EC327001BFA47 /* ToolsVM.swift */ = {isa = PBXFileReference; lastKnownFileType = sourcecode.swift; path = ToolsVM.swift; sourceTree = "<group>"; };
		93B66423289EC327001BFA47 /* ToolsVC.swift */ = {isa = PBXFileReference; lastKnownFileType = sourcecode.swift; path = ToolsVC.swift; sourceTree = "<group>"; };
		93B6642B289ECC41001BFA47 /* SettingCell.swift */ = {isa = PBXFileReference; lastKnownFileType = sourcecode.swift; path = SettingCell.swift; sourceTree = "<group>"; };
		93B6642C289ECC41001BFA47 /* SettingCell.xib */ = {isa = PBXFileReference; lastKnownFileType = file.xib; path = SettingCell.xib; sourceTree = "<group>"; };
		93B66430289ECCC4001BFA47 /* SettingView.swift */ = {isa = PBXFileReference; lastKnownFileType = sourcecode.swift; path = SettingView.swift; sourceTree = "<group>"; };
		93B66432289ECCCD001BFA47 /* SettingView.xib */ = {isa = PBXFileReference; lastKnownFileType = file.xib; path = SettingView.xib; sourceTree = "<group>"; };
		93B66435289ECD21001BFA47 /* SettingVC.xib */ = {isa = PBXFileReference; lastKnownFileType = file.xib; path = SettingVC.xib; sourceTree = "<group>"; };
		93B66436289ECD21001BFA47 /* SettingVM.swift */ = {isa = PBXFileReference; lastKnownFileType = sourcecode.swift; path = SettingVM.swift; sourceTree = "<group>"; };
		93B66437289ECD21001BFA47 /* SettingVC.swift */ = {isa = PBXFileReference; lastKnownFileType = sourcecode.swift; path = SettingVC.swift; sourceTree = "<group>"; };
		93B6643C289ECEB4001BFA47 /* BaseSetting.swift */ = {isa = PBXFileReference; lastKnownFileType = sourcecode.swift; path = BaseSetting.swift; sourceTree = "<group>"; };
		93B6643F289ECF2C001BFA47 /* BaseSettingModel.swift */ = {isa = PBXFileReference; lastKnownFileType = sourcecode.swift; path = BaseSettingModel.swift; sourceTree = "<group>"; };
		93B66443289ED586001BFA47 /* Setting.json */ = {isa = PBXFileReference; fileEncoding = 4; lastKnownFileType = text.json; path = Setting.json; sourceTree = "<group>"; };
		93F85C8428B0C82E009A6A66 /* GlobalAppProtocol.swift */ = {isa = PBXFileReference; lastKnownFileType = sourcecode.swift; path = GlobalAppProtocol.swift; sourceTree = "<group>"; };
		93F85C8628B0CBD3009A6A66 /* image_check.png */ = {isa = PBXFileReference; lastKnownFileType = image.png; path = image_check.png; sourceTree = "<group>"; };
		9BF0BBE1F270D4042C173C58 /* Pods-ManageFiles.debug.xcconfig */ = {isa = PBXFileReference; includeInIndex = 1; lastKnownFileType = text.xcconfig; name = "Pods-ManageFiles.debug.xcconfig"; path = "Target Support Files/Pods-ManageFiles/Pods-ManageFiles.debug.xcconfig"; sourceTree = "<group>"; };
		A2DADE88449BC81FDEA7B3C6 /* Pods-ManageFiles.release.xcconfig */ = {isa = PBXFileReference; includeInIndex = 1; lastKnownFileType = text.xcconfig; name = "Pods-ManageFiles.release.xcconfig"; path = "Target Support Files/Pods-ManageFiles/Pods-ManageFiles.release.xcconfig"; sourceTree = "<group>"; };
		F38D181B8E17A7419E334DA3 /* Pods_ManageFiles.framework */ = {isa = PBXFileReference; explicitFileType = wrapper.framework; includeInIndex = 0; path = Pods_ManageFiles.framework; sourceTree = BUILT_PRODUCTS_DIR; };
/* End PBXFileReference section */

/* Begin PBXFrameworksBuildPhase section */
		3EBAF48C289D1E2300C59679 /* Frameworks */ = {
			isa = PBXFrameworksBuildPhase;
			buildActionMask = 2147483647;
			files = (
				BB3EC696ADB130C5D448D548 /* Pods_ManageFiles.framework in Frameworks */,
			);
			runOnlyForDeploymentPostprocessing = 0;
		};
/* End PBXFrameworksBuildPhase section */

/* Begin PBXGroup section */
		1A9898BEC10BA4DFAE4082E1 /* Frameworks */ = {
			isa = PBXGroup;
			children = (
				F38D181B8E17A7419E334DA3 /* Pods_ManageFiles.framework */,
			);
			name = Frameworks;
			sourceTree = "<group>";
		};
		3520E02609D6439083E0299D /* Pods */ = {
			isa = PBXGroup;
			children = (
				9BF0BBE1F270D4042C173C58 /* Pods-ManageFiles.debug.xcconfig */,
				A2DADE88449BC81FDEA7B3C6 /* Pods-ManageFiles.release.xcconfig */,
			);
			path = Pods;
			sourceTree = "<group>";
		};
		3EBAF486289D1E2300C59679 = {
			isa = PBXGroup;
			children = (
				93B663F7289E5C32001BFA47 /* swiftgen.yml */,
				3EBAF491289D1E2300C59679 /* ManageFiles */,
				3EBAF490289D1E2300C59679 /* Products */,
				3520E02609D6439083E0299D /* Pods */,
				1A9898BEC10BA4DFAE4082E1 /* Frameworks */,
			);
			sourceTree = "<group>";
		};
		3EBAF490289D1E2300C59679 /* Products */ = {
			isa = PBXGroup;
			children = (
				3EBAF48F289D1E2300C59679 /* ManageFiles.app */,
			);
			name = Products;
			sourceTree = "<group>";
		};
		3EBAF491289D1E2300C59679 /* ManageFiles */ = {
			isa = PBXGroup;
			children = (
				9386D44928A7F5B500CC9335 /* font */,
				93B66442289ED559001BFA47 /* JSON */,
				93B663F9289E5D7E001BFA47 /* SwiftGen */,
				939DA47C289D5C5B00AEEF49 /* Library */,
				939DA488289D5CD800AEEF49 /* Network */,
				939DA47F289D5C9300AEEF49 /* Constant */,
				939DA46C289D57A700AEEF49 /* Base */,
				939DA4A0289D5E3F00AEEF49 /* Manage */,
				93B663FD289E70EB001BFA47 /* Views */,
				939DA46D289D57C000AEEF49 /* Modules */,
				3EBAF492289D1E2300C59679 /* AppDelegate.swift */,
				93F85C8628B0CBD3009A6A66 /* image_check.png */,
				3EBAF494289D1E2300C59679 /* SceneDelegate.swift */,
				3EBAF496289D1E2300C59679 /* ViewController.swift */,
				3EBAF498289D1E2300C59679 /* Main.storyboard */,
				3EBAF49B289D1E2400C59679 /* Assets.xcassets */,
				3EBAF49D289D1E2400C59679 /* LaunchScreen.storyboard */,
				3EBAF4A0289D1E2400C59679 /* Info.plist */,
			);
			path = ManageFiles;
			sourceTree = "<group>";
		};
		9386D43D28A78BA500CC9335 /* ActionFiles */ = {
			isa = PBXGroup;
			children = (
				9386D43E28A78BBA00CC9335 /* ActionFilesVC.xib */,
				9386D43F28A78BBA00CC9335 /* ActionFilesVM.swift */,
				9386D44028A78BBA00CC9335 /* ActionFilesVC.swift */,
			);
			path = ActionFiles;
			sourceTree = "<group>";
		};
		9386D44428A78ED300CC9335 /* NavigationActionFiles */ = {
			isa = PBXGroup;
			children = (
				9386D44528A7905F00CC9335 /* NavigationActionView.xib */,
				9386D44728A790D000CC9335 /* NavigationActionView.swift */,
			);
			path = NavigationActionFiles;
			sourceTree = "<group>";
		};
		9386D44928A7F5B500CC9335 /* font */ = {
			isa = PBXGroup;
			children = (
				9386D44A28A7F5B500CC9335 /* fontSFPro */,
				9386D44E28A7F5B500CC9335 /* display */,
			);
			path = font;
			sourceTree = "<group>";
		};
		9386D44A28A7F5B500CC9335 /* fontSFPro */ = {
			isa = PBXGroup;
			children = (
				9386D44B28A7F5B500CC9335 /* FontsFree-Net-SFProText-Regular.ttf */,
				9386D44C28A7F5B500CC9335 /* FontsFree-Net-SFProText-Semibold.ttf */,
				9386D44D28A7F5B500CC9335 /* FontsFree-Net-SFProText-Medium.ttf */,
			);
			path = fontSFPro;
			sourceTree = "<group>";
		};
		9386D44E28A7F5B500CC9335 /* display */ = {
			isa = PBXGroup;
			children = (
				9386D44F28A7F5B500CC9335 /* FontsFree-Net-SFProDisplay-Bold.ttf */,
			);
			path = display;
			sourceTree = "<group>";
		};
		9390847028AD3394002B835B /* Cell */ = {
			isa = PBXGroup;
			children = (
				9390847128AD340A002B835B /* HomeCell.swift */,
				9390847228AD340A002B835B /* HomeCell.xib */,
			);
			path = Cell;
			sourceTree = "<group>";
		};
		9390847528AD3BC3002B835B /* ToolProtocol */ = {
			isa = PBXGroup;
			children = (
				9390847628AD3BDD002B835B /* ToolsProtocol.swift */,
			);
			path = ToolProtocol;
			sourceTree = "<group>";
		};
		9390847B28AD3FE6002B835B /* MoveToProtocol */ = {
			isa = PBXGroup;
			children = (
				9390847C28AD3FFB002B835B /* MoveToProtocol.swift */,
			);
			path = MoveToProtocol;
			sourceTree = "<group>";
		};
		9390847E28AD46D5002B835B /* Sort */ = {
			isa = PBXGroup;
			children = (
				9390847F28AD46FA002B835B /* SortView.swift */,
				9390848128AD4746002B835B /* SortView.xib */,
			);
			path = Sort;
			sourceTree = "<group>";
		};
		9390848328AD4A24002B835B /* Sort */ = {
			isa = PBXGroup;
			children = (
				9390848428AD4A33002B835B /* SortVC.xib */,
				9390848528AD4A33002B835B /* SortVM.swift */,
				9390848628AD4A33002B835B /* SortVC.swift */,
			);
			path = Sort;
			sourceTree = "<group>";
		};
		939DA46C289D57A700AEEF49 /* Base */ = {
			isa = PBXGroup;
			children = (
				93B66441289ECF81001BFA47 /* BaseProtocol */,
				93B6643B289ECEA2001BFA47 /* BaseSetting */,
				93B66419289E858F001BFA47 /* BaseVCTabbar */,
				93B66413289E7D44001BFA47 /* Cell */,
				93B66410289E7965001BFA47 /* View */,
				93B66409289E7759001BFA47 /* BaseVC.swift */,
			);
			path = Base;
			sourceTree = "<group>";
		};
		939DA46D289D57C000AEEF49 /* Modules */ = {
			isa = PBXGroup;
			children = (
				93AA03C328AFC88F0064EFA7 /* FilesMenu */,
				93A9602B28AE8FFD00A1986D /* Folder */,
				9390848328AD4A24002B835B /* Sort */,
				9386D43D28A78BA500CC9335 /* ActionFiles */,
				93A847F628A3FE30004519CF /* Addition */,
				93B66434289ECD14001BFA47 /* Setting */,
				939DA4A1289D603700AEEF49 /* ListFont */,
				93B66420289EC315001BFA47 /* Tools */,
				93B663FC289E70E1001BFA47 /* Files */,
				939DA471289D593700AEEF49 /* Home */,
				939DA470289D58CA00AEEF49 /* Tabbar */,
			);
			path = Modules;
			sourceTree = "<group>";
		};
		939DA470289D58CA00AEEF49 /* Tabbar */ = {
			isa = PBXGroup;
			children = (
				939DA478289D59C400AEEF49 /* TabbarVC.swift */,
			);
			path = Tabbar;
			sourceTree = "<group>";
		};
		939DA471289D593700AEEF49 /* Home */ = {
			isa = PBXGroup;
			children = (
				9390847028AD3394002B835B /* Cell */,
				939DA472289D594A00AEEF49 /* HomeVC.xib */,
				939DA473289D594A00AEEF49 /* HomeVM.swift */,
				939DA474289D594A00AEEF49 /* HomeVC.swift */,
			);
			path = Home;
			sourceTree = "<group>";
		};
		939DA47C289D5C5B00AEEF49 /* Library */ = {
			isa = PBXGroup;
			children = (
				939DA498289D5D8B00AEEF49 /* Encode+Extension.swift */,
				939DA47D289D5C6B00AEEF49 /* UIFont+Extension.swift */,
				939DA49B289D5D9A00AEEF49 /* Obserable+Extension.swift */,
				939DA49A289D5D9A00AEEF49 /* PropertyWapper.swift */,
				939DA49E289D5DA000AEEF49 /* PushNotificationKeys.swift */,
				93B4603328A92B8200E21A9E /* AutoLayout+Extension.swift */,
				9390847928AD3D85002B835B /* Array+Extension.swift */,
			);
			path = Library;
			sourceTree = "<group>";
		};
		939DA47F289D5C9300AEEF49 /* Constant */ = {
			isa = PBXGroup;
			children = (
				939DA480289D5CA600AEEF49 /* Constant.swift */,
				939DA481289D5CA600AEEF49 /* GetHeightSafeArea.swift */,
				939DA482289D5CA600AEEF49 /* SettingDefaultFont.swift */,
			);
			path = Constant;
			sourceTree = "<group>";
		};
		939DA488289D5CD800AEEF49 /* Network */ = {
			isa = PBXGroup;
			children = (
				939DA489289D5CEB00AEEF49 /* APILink.swift */,
				939DA48A289D5CEB00AEEF49 /* ErrorTracker.swift */,
				939DA48B289D5CEB00AEEF49 /* OptionalMessageDTO.swift */,
				939DA48C289D5CEB00AEEF49 /* ReadJson.swift */,
				939DA48D289D5CEB00AEEF49 /* Request.swift */,
				939DA494289D5D0200AEEF49 /* RealmManager.swift */,
				939DA493289D5CF400AEEF49 /* Realm */,
			);
			path = Network;
			sourceTree = "<group>";
		};
		939DA493289D5CF400AEEF49 /* Realm */ = {
			isa = PBXGroup;
			children = (
				939DA496289D5D1F00AEEF49 /* RealmModel.swift */,
			);
			path = Realm;
			sourceTree = "<group>";
		};
		939DA4A0289D5E3F00AEEF49 /* Manage */ = {
			isa = PBXGroup;
			children = (
				93B663F3289E582F001BFA47 /* Utility.swift */,
				93B6641E289EA1A2001BFA47 /* GlobalApp.swift */,
				93F85C8428B0C82E009A6A66 /* GlobalAppProtocol.swift */,
			);
			path = Manage;
			sourceTree = "<group>";
		};
		939DA4A1289D603700AEEF49 /* ListFont */ = {
			isa = PBXGroup;
			children = (
				939DA4A2289D604800AEEF49 /* ListFontVC.xib */,
				939DA4A3289D604800AEEF49 /* ListFontVM.swift */,
				939DA4A4289D604800AEEF49 /* ListFontVC.swift */,
			);
			path = ListFont;
			sourceTree = "<group>";
		};
		93A847F628A3FE30004519CF /* Addition */ = {
			isa = PBXGroup;
			children = (
				93A847F728A3FE48004519CF /* AdditionVC.xib */,
				93A847F828A3FE48004519CF /* AdditionVM.swift */,
				93A847F928A3FE48004519CF /* AdditionVC.swift */,
			);
			path = Addition;
			sourceTree = "<group>";
		};
		93A847FD28A40DEE004519CF /* AdditionProtocol */ = {
			isa = PBXGroup;
			children = (
				93A847FE28A40E07004519CF /* AdditionProtocol.swift */,
			);
			path = AdditionProtocol;
			sourceTree = "<group>";
		};
		93A9602B28AE8FFD00A1986D /* Folder */ = {
			isa = PBXGroup;
			children = (
				93A9602C28AE90AF00A1986D /* FolderVC.xib */,
				93A9602D28AE90AF00A1986D /* FolderVM.swift */,
				93A9602E28AE90AF00A1986D /* FolderVC.swift */,
			);
			path = Folder;
			sourceTree = "<group>";
		};
		93AA03BE28AFC1170064EFA7 /* NavigationSearch */ = {
			isa = PBXGroup;
			children = (
				93AA03BF28AFC12F0064EFA7 /* NavigationSearchView.swift */,
				93AA03C128AFC1490064EFA7 /* NavigationSearchView.xib */,
			);
			path = NavigationSearch;
			sourceTree = "<group>";
		};
		93AA03C328AFC88F0064EFA7 /* FilesMenu */ = {
			isa = PBXGroup;
			children = (
				93AA03C428AFC8A90064EFA7 /* FilesMenuVC.xib */,
				93AA03C528AFC8A90064EFA7 /* FilesMenuVM.swift */,
				93AA03C628AFC8A90064EFA7 /* FilesMenuVC.swift */,
			);
			path = FilesMenu;
			sourceTree = "<group>";
		};
		93B663F9289E5D7E001BFA47 /* SwiftGen */ = {
			isa = PBXGroup;
			children = (
				93B663FA289E5D9D001BFA47 /* Assets.swift */,
			);
			path = SwiftGen;
			sourceTree = "<group>";
		};
		93B663FC289E70E1001BFA47 /* Files */ = {
			isa = PBXGroup;
			children = (
				93B66403289E75CF001BFA47 /* FilesVC.xib */,
				93B66404289E75CF001BFA47 /* FilesVM.swift */,
				93B66405289E75CF001BFA47 /* FilesVC.swift */,
			);
			path = Files;
			sourceTree = "<group>";
		};
		93B663FD289E70EB001BFA47 /* Views */ = {
			isa = PBXGroup;
			children = (
				93AA03BE28AFC1170064EFA7 /* NavigationSearch */,
				9390847E28AD46D5002B835B /* Sort */,
				9386D44428A78ED300CC9335 /* NavigationActionFiles */,
				93B6642F289ECC7D001BFA47 /* Setting */,
				93B6640B289E781D001BFA47 /* FilesCell */,
				93B663FE289E70FD001BFA47 /* Search */,
			);
			path = Views;
			sourceTree = "<group>";
		};
		93B663FE289E70FD001BFA47 /* Search */ = {
			isa = PBXGroup;
			children = (
				93B663FF289E710D001BFA47 /* SearchView.xib */,
				93B66401289E7174001BFA47 /* SearchView.swift */,
			);
			path = Search;
			sourceTree = "<group>";
		};
		93B6640B289E781D001BFA47 /* FilesCell */ = {
			isa = PBXGroup;
			children = (
				93B6640C289E7887001BFA47 /* FilesCellView.xib */,
				93B6640E289E78DD001BFA47 /* FilesCellView.swift */,
			);
			path = FilesCell;
			sourceTree = "<group>";
		};
		93B66410289E7965001BFA47 /* View */ = {
			isa = PBXGroup;
			children = (
			);
			path = View;
			sourceTree = "<group>";
		};
		93B66413289E7D44001BFA47 /* Cell */ = {
			isa = PBXGroup;
			children = (
				93B6642A289ECC0A001BFA47 /* Settings */,
				93B66429289ECBFF001BFA47 /* Files */,
			);
			path = Cell;
			sourceTree = "<group>";
		};
		93B66419289E858F001BFA47 /* BaseVCTabbar */ = {
			isa = PBXGroup;
			children = (
				93B6641A289E87AC001BFA47 /* BaseTabbarVC.swift */,
				93B6641C289E8A24001BFA47 /* BaseTabbarVM.swift */,
			);
			path = BaseVCTabbar;
			sourceTree = "<group>";
		};
		93B66420289EC315001BFA47 /* Tools */ = {
			isa = PBXGroup;
			children = (
				93B66421289EC327001BFA47 /* ToolsVC.xib */,
				93B66422289EC327001BFA47 /* ToolsVM.swift */,
				93B66423289EC327001BFA47 /* ToolsVC.swift */,
			);
			path = Tools;
			sourceTree = "<group>";
		};
		93B66429289ECBFF001BFA47 /* Files */ = {
			isa = PBXGroup;
			children = (
				93B66415289E7F8D001BFA47 /* FilesCell.swift */,
				93B66416289E7F8D001BFA47 /* FilesCell.xib */,
			);
			path = Files;
			sourceTree = "<group>";
		};
		93B6642A289ECC0A001BFA47 /* Settings */ = {
			isa = PBXGroup;
			children = (
				93B6642B289ECC41001BFA47 /* SettingCell.swift */,
				93B6642C289ECC41001BFA47 /* SettingCell.xib */,
			);
			path = Settings;
			sourceTree = "<group>";
		};
		93B6642F289ECC7D001BFA47 /* Setting */ = {
			isa = PBXGroup;
			children = (
				93B66430289ECCC4001BFA47 /* SettingView.swift */,
				93B66432289ECCCD001BFA47 /* SettingView.xib */,
			);
			path = Setting;
			sourceTree = "<group>";
		};
		93B66434289ECD14001BFA47 /* Setting */ = {
			isa = PBXGroup;
			children = (
				93B66435289ECD21001BFA47 /* SettingVC.xib */,
				93B66436289ECD21001BFA47 /* SettingVM.swift */,
				93B66437289ECD21001BFA47 /* SettingVC.swift */,
			);
			path = Setting;
			sourceTree = "<group>";
		};
		93B6643B289ECEA2001BFA47 /* BaseSetting */ = {
			isa = PBXGroup;
			children = (
				93B6643E289ECEFB001BFA47 /* Model */,
				93B6643C289ECEB4001BFA47 /* BaseSetting.swift */,
			);
			path = BaseSetting;
			sourceTree = "<group>";
		};
		93B6643E289ECEFB001BFA47 /* Model */ = {
			isa = PBXGroup;
			children = (
				93B6643F289ECF2C001BFA47 /* BaseSettingModel.swift */,
			);
			path = Model;
			sourceTree = "<group>";
		};
		93B66441289ECF81001BFA47 /* BaseProtocol */ = {
			isa = PBXGroup;
			children = (
				9390847B28AD3FE6002B835B /* MoveToProtocol */,
				9390847528AD3BC3002B835B /* ToolProtocol */,
				93A847FD28A40DEE004519CF /* AdditionProtocol */,
				93B66411289E79E8001BFA47 /* BaseViewSetUp.swift */,
			);
			path = BaseProtocol;
			sourceTree = "<group>";
		};
		93B66442289ED559001BFA47 /* JSON */ = {
			isa = PBXGroup;
			children = (
				93B66443289ED586001BFA47 /* Setting.json */,
				93A847F428A3FD89004519CF /* Addition.json */,
			);
			path = JSON;
			sourceTree = "<group>";
		};
/* End PBXGroup section */

/* Begin PBXNativeTarget section */
		3EBAF48E289D1E2300C59679 /* ManageFiles */ = {
			isa = PBXNativeTarget;
			buildConfigurationList = 3EBAF4A3289D1E2400C59679 /* Build configuration list for PBXNativeTarget "ManageFiles" */;
			buildPhases = (
				400F3101544D5C1568840BE3 /* [CP] Check Pods Manifest.lock */,
				3EBAF48B289D1E2300C59679 /* Sources */,
				3EBAF48C289D1E2300C59679 /* Frameworks */,
				3EBAF48D289D1E2300C59679 /* Resources */,
				5B4123280F162F6C1B34539C /* [CP] Embed Pods Frameworks */,
			);
			buildRules = (
			);
			dependencies = (
			);
			name = ManageFiles;
			productName = ManageFiles;
			productReference = 3EBAF48F289D1E2300C59679 /* ManageFiles.app */;
			productType = "com.apple.product-type.application";
		};
/* End PBXNativeTarget section */

/* Begin PBXProject section */
		3EBAF487289D1E2300C59679 /* Project object */ = {
			isa = PBXProject;
			attributes = {
				BuildIndependentTargetsInParallel = 1;
				LastSwiftUpdateCheck = 1340;
				LastUpgradeCheck = 1340;
				TargetAttributes = {
					3EBAF48E289D1E2300C59679 = {
						CreatedOnToolsVersion = 13.4.1;
					};
				};
			};
			buildConfigurationList = 3EBAF48A289D1E2300C59679 /* Build configuration list for PBXProject "ManageFiles" */;
			compatibilityVersion = "Xcode 13.0";
			developmentRegion = en;
			hasScannedForEncodings = 0;
			knownRegions = (
				en,
				Base,
			);
			mainGroup = 3EBAF486289D1E2300C59679;
			productRefGroup = 3EBAF490289D1E2300C59679 /* Products */;
			projectDirPath = "";
			projectRoot = "";
			targets = (
				3EBAF48E289D1E2300C59679 /* ManageFiles */,
			);
		};
/* End PBXProject section */

/* Begin PBXResourcesBuildPhase section */
		3EBAF48D289D1E2300C59679 /* Resources */ = {
			isa = PBXResourcesBuildPhase;
			buildActionMask = 2147483647;
			files = (
				93B66406289E75CF001BFA47 /* FilesVC.xib in Resources */,
				9386D45328A7F5B500CC9335 /* FontsFree-Net-SFProDisplay-Bold.ttf in Resources */,
				93AA03C228AFC1490064EFA7 /* NavigationSearchView.xib in Resources */,
				93B66418289E7F8D001BFA47 /* FilesCell.xib in Resources */,
				9390848228AD4746002B835B /* SortView.xib in Resources */,
				3EBAF49F289D1E2400C59679 /* LaunchScreen.storyboard in Resources */,
				93F85C8728B0CBD3009A6A66 /* image_check.png in Resources */,
				93A847F528A3FD89004519CF /* Addition.json in Resources */,
				93B66400289E710D001BFA47 /* SearchView.xib in Resources */,
				93A9602F28AE90AF00A1986D /* FolderVC.xib in Resources */,
				939DA475289D594A00AEEF49 /* HomeVC.xib in Resources */,
				9390848728AD4A33002B835B /* SortVC.xib in Resources */,
				9386D45028A7F5B500CC9335 /* FontsFree-Net-SFProText-Regular.ttf in Resources */,
				93B66438289ECD22001BFA47 /* SettingVC.xib in Resources */,
				93B6640D289E7887001BFA47 /* FilesCellView.xib in Resources */,
				9386D45128A7F5B500CC9335 /* FontsFree-Net-SFProText-Semibold.ttf in Resources */,
				939DA4A5289D604800AEEF49 /* ListFontVC.xib in Resources */,
				93A847FA28A3FE48004519CF /* AdditionVC.xib in Resources */,
				9386D45228A7F5B500CC9335 /* FontsFree-Net-SFProText-Medium.ttf in Resources */,
				9386D44128A78BBA00CC9335 /* ActionFilesVC.xib in Resources */,
				3EBAF49C289D1E2400C59679 /* Assets.xcassets in Resources */,
				93AA03C728AFC8A90064EFA7 /* FilesMenuVC.xib in Resources */,
				3EBAF49A289D1E2300C59679 /* Main.storyboard in Resources */,
				93B663F8289E5C32001BFA47 /* swiftgen.yml in Resources */,
				93B66433289ECCCD001BFA47 /* SettingView.xib in Resources */,
				9386D44628A7905F00CC9335 /* NavigationActionView.xib in Resources */,
				93B6642E289ECC41001BFA47 /* SettingCell.xib in Resources */,
				93B66424289EC327001BFA47 /* ToolsVC.xib in Resources */,
				9390847428AD340A002B835B /* HomeCell.xib in Resources */,
				93B66444289ED586001BFA47 /* Setting.json in Resources */,
			);
			runOnlyForDeploymentPostprocessing = 0;
		};
/* End PBXResourcesBuildPhase section */

/* Begin PBXShellScriptBuildPhase section */
		400F3101544D5C1568840BE3 /* [CP] Check Pods Manifest.lock */ = {
			isa = PBXShellScriptBuildPhase;
			buildActionMask = 2147483647;
			files = (
			);
			inputFileListPaths = (
			);
			inputPaths = (
				"${PODS_PODFILE_DIR_PATH}/Podfile.lock",
				"${PODS_ROOT}/Manifest.lock",
			);
			name = "[CP] Check Pods Manifest.lock";
			outputFileListPaths = (
			);
			outputPaths = (
				"$(DERIVED_FILE_DIR)/Pods-ManageFiles-checkManifestLockResult.txt",
			);
			runOnlyForDeploymentPostprocessing = 0;
			shellPath = /bin/sh;
			shellScript = "diff \"${PODS_PODFILE_DIR_PATH}/Podfile.lock\" \"${PODS_ROOT}/Manifest.lock\" > /dev/null\nif [ $? != 0 ] ; then\n    # print error to STDERR\n    echo \"error: The sandbox is not in sync with the Podfile.lock. Run 'pod install' or update your CocoaPods installation.\" >&2\n    exit 1\nfi\n# This output is used by Xcode 'outputs' to avoid re-running this script phase.\necho \"SUCCESS\" > \"${SCRIPT_OUTPUT_FILE_0}\"\n";
			showEnvVarsInLog = 0;
		};
		5B4123280F162F6C1B34539C /* [CP] Embed Pods Frameworks */ = {
			isa = PBXShellScriptBuildPhase;
			buildActionMask = 2147483647;
			files = (
			);
			inputFileListPaths = (
				"${PODS_ROOT}/Target Support Files/Pods-ManageFiles/Pods-ManageFiles-frameworks-${CONFIGURATION}-input-files.xcfilelist",
			);
			name = "[CP] Embed Pods Frameworks";
			outputFileListPaths = (
				"${PODS_ROOT}/Target Support Files/Pods-ManageFiles/Pods-ManageFiles-frameworks-${CONFIGURATION}-output-files.xcfilelist",
			);
			runOnlyForDeploymentPostprocessing = 0;
			shellPath = /bin/sh;
			shellScript = "\"${PODS_ROOT}/Target Support Files/Pods-ManageFiles/Pods-ManageFiles-frameworks.sh\"\n";
			showEnvVarsInLog = 0;
		};
/* End PBXShellScriptBuildPhase section */

/* Begin PBXSourcesBuildPhase section */
		3EBAF48B289D1E2300C59679 /* Sources */ = {
			isa = PBXSourcesBuildPhase;
			buildActionMask = 2147483647;
			files = (
				93B66408289E75CF001BFA47 /* FilesVC.swift in Sources */,
				939DA47E289D5C6B00AEEF49 /* UIFont+Extension.swift in Sources */,
				939DA499289D5D8B00AEEF49 /* Encode+Extension.swift in Sources */,
				93B6641D289E8A24001BFA47 /* BaseTabbarVM.swift in Sources */,
				9390848028AD46FA002B835B /* SortView.swift in Sources */,
				9390847A28AD3D85002B835B /* Array+Extension.swift in Sources */,
				939DA485289D5CA600AEEF49 /* SettingDefaultFont.swift in Sources */,
				93AA03C928AFC8A90064EFA7 /* FilesMenuVC.swift in Sources */,
				93B66426289EC327001BFA47 /* ToolsVC.swift in Sources */,
				93B4603428A92B8200E21A9E /* AutoLayout+Extension.swift in Sources */,
				939DA490289D5CEB00AEEF49 /* OptionalMessageDTO.swift in Sources */,
				9390848828AD4A33002B835B /* SortVM.swift in Sources */,
				93B6640A289E7759001BFA47 /* BaseVC.swift in Sources */,
				93B6640F289E78DD001BFA47 /* FilesCellView.swift in Sources */,
				9390848928AD4A33002B835B /* SortVC.swift in Sources */,
				93B66425289EC327001BFA47 /* ToolsVM.swift in Sources */,
				939DA4A7289D604800AEEF49 /* ListFontVC.swift in Sources */,
				3EBAF497289D1E2300C59679 /* ViewController.swift in Sources */,
				9390847328AD340A002B835B /* HomeCell.swift in Sources */,
				93AA03C028AFC12F0064EFA7 /* NavigationSearchView.swift in Sources */,
				939DA477289D594A00AEEF49 /* HomeVC.swift in Sources */,
				939DA491289D5CEB00AEEF49 /* ReadJson.swift in Sources */,
				9390847D28AD3FFB002B835B /* MoveToProtocol.swift in Sources */,
				93B66402289E7174001BFA47 /* SearchView.swift in Sources */,
				93B663FB289E5D9D001BFA47 /* Assets.swift in Sources */,
				939DA48E289D5CEB00AEEF49 /* APILink.swift in Sources */,
				93AA03C828AFC8A90064EFA7 /* FilesMenuVM.swift in Sources */,
				93B66412289E79E8001BFA47 /* BaseViewSetUp.swift in Sources */,
				939DA492289D5CEB00AEEF49 /* Request.swift in Sources */,
				93B66440289ECF2C001BFA47 /* BaseSettingModel.swift in Sources */,
				939DA483289D5CA600AEEF49 /* Constant.swift in Sources */,
				939DA49C289D5D9A00AEEF49 /* PropertyWapper.swift in Sources */,
				93B6643D289ECEB4001BFA47 /* BaseSetting.swift in Sources */,
				93B66431289ECCC4001BFA47 /* SettingView.swift in Sources */,
				93A847FC28A3FE48004519CF /* AdditionVC.swift in Sources */,
				939DA4A6289D604800AEEF49 /* ListFontVM.swift in Sources */,
				93A9603128AE90AF00A1986D /* FolderVC.swift in Sources */,
				939DA495289D5D0300AEEF49 /* RealmManager.swift in Sources */,
				93A847FF28A40E07004519CF /* AdditionProtocol.swift in Sources */,
				9386D44828A790D000CC9335 /* NavigationActionView.swift in Sources */,
				93B6643A289ECD22001BFA47 /* SettingVC.swift in Sources */,
				939DA479289D59C400AEEF49 /* TabbarVC.swift in Sources */,
				93F85C8528B0C82E009A6A66 /* GlobalAppProtocol.swift in Sources */,
				939DA49F289D5DA000AEEF49 /* PushNotificationKeys.swift in Sources */,
				939DA48F289D5CEB00AEEF49 /* ErrorTracker.swift in Sources */,
				93B66439289ECD22001BFA47 /* SettingVM.swift in Sources */,
				93B6641F289EA1A2001BFA47 /* GlobalApp.swift in Sources */,
				939DA497289D5D1F00AEEF49 /* RealmModel.swift in Sources */,
				93B6642D289ECC41001BFA47 /* SettingCell.swift in Sources */,
				939DA49D289D5D9A00AEEF49 /* Obserable+Extension.swift in Sources */,
				93B6641B289E87AC001BFA47 /* BaseTabbarVC.swift in Sources */,
				93A9603028AE90AF00A1986D /* FolderVM.swift in Sources */,
				3EBAF493289D1E2300C59679 /* AppDelegate.swift in Sources */,
				93B663F4289E582F001BFA47 /* Utility.swift in Sources */,
				9386D44328A78BBA00CC9335 /* ActionFilesVC.swift in Sources */,
				3EBAF495289D1E2300C59679 /* SceneDelegate.swift in Sources */,
				9390847728AD3BDD002B835B /* ToolsProtocol.swift in Sources */,
				9386D44228A78BBA00CC9335 /* ActionFilesVM.swift in Sources */,
				93B66407289E75CF001BFA47 /* FilesVM.swift in Sources */,
				93B66417289E7F8D001BFA47 /* FilesCell.swift in Sources */,
				939DA476289D594A00AEEF49 /* HomeVM.swift in Sources */,
				93A847FB28A3FE48004519CF /* AdditionVM.swift in Sources */,
				939DA484289D5CA600AEEF49 /* GetHeightSafeArea.swift in Sources */,
			);
			runOnlyForDeploymentPostprocessing = 0;
		};
/* End PBXSourcesBuildPhase section */

/* Begin PBXVariantGroup section */
		3EBAF498289D1E2300C59679 /* Main.storyboard */ = {
			isa = PBXVariantGroup;
			children = (
				3EBAF499289D1E2300C59679 /* Base */,
			);
			name = Main.storyboard;
			sourceTree = "<group>";
		};
		3EBAF49D289D1E2400C59679 /* LaunchScreen.storyboard */ = {
			isa = PBXVariantGroup;
			children = (
				3EBAF49E289D1E2400C59679 /* Base */,
			);
			name = LaunchScreen.storyboard;
			sourceTree = "<group>";
		};
/* End PBXVariantGroup section */

/* Begin XCBuildConfiguration section */
		3EBAF4A1289D1E2400C59679 /* Debug */ = {
			isa = XCBuildConfiguration;
			buildSettings = {
				ALWAYS_SEARCH_USER_PATHS = NO;
				CLANG_ANALYZER_NONNULL = YES;
				CLANG_ANALYZER_NUMBER_OBJECT_CONVERSION = YES_AGGRESSIVE;
				CLANG_CXX_LANGUAGE_STANDARD = "gnu++17";
				CLANG_ENABLE_MODULES = YES;
				CLANG_ENABLE_OBJC_ARC = YES;
				CLANG_ENABLE_OBJC_WEAK = YES;
				CLANG_WARN_BLOCK_CAPTURE_AUTORELEASING = YES;
				CLANG_WARN_BOOL_CONVERSION = YES;
				CLANG_WARN_COMMA = YES;
				CLANG_WARN_CONSTANT_CONVERSION = YES;
				CLANG_WARN_DEPRECATED_OBJC_IMPLEMENTATIONS = YES;
				CLANG_WARN_DIRECT_OBJC_ISA_USAGE = YES_ERROR;
				CLANG_WARN_DOCUMENTATION_COMMENTS = YES;
				CLANG_WARN_EMPTY_BODY = YES;
				CLANG_WARN_ENUM_CONVERSION = YES;
				CLANG_WARN_INFINITE_RECURSION = YES;
				CLANG_WARN_INT_CONVERSION = YES;
				CLANG_WARN_NON_LITERAL_NULL_CONVERSION = YES;
				CLANG_WARN_OBJC_IMPLICIT_RETAIN_SELF = YES;
				CLANG_WARN_OBJC_LITERAL_CONVERSION = YES;
				CLANG_WARN_OBJC_ROOT_CLASS = YES_ERROR;
				CLANG_WARN_QUOTED_INCLUDE_IN_FRAMEWORK_HEADER = YES;
				CLANG_WARN_RANGE_LOOP_ANALYSIS = YES;
				CLANG_WARN_STRICT_PROTOTYPES = YES;
				CLANG_WARN_SUSPICIOUS_MOVE = YES;
				CLANG_WARN_UNGUARDED_AVAILABILITY = YES_AGGRESSIVE;
				CLANG_WARN_UNREACHABLE_CODE = YES;
				CLANG_WARN__DUPLICATE_METHOD_MATCH = YES;
				COPY_PHASE_STRIP = NO;
				DEBUG_INFORMATION_FORMAT = dwarf;
				ENABLE_STRICT_OBJC_MSGSEND = YES;
				ENABLE_TESTABILITY = YES;
				GCC_C_LANGUAGE_STANDARD = gnu11;
				GCC_DYNAMIC_NO_PIC = NO;
				GCC_NO_COMMON_BLOCKS = YES;
				GCC_OPTIMIZATION_LEVEL = 0;
				GCC_PREPROCESSOR_DEFINITIONS = (
					"DEBUG=1",
					"$(inherited)",
				);
				GCC_WARN_64_TO_32_BIT_CONVERSION = YES;
				GCC_WARN_ABOUT_RETURN_TYPE = YES_ERROR;
				GCC_WARN_UNDECLARED_SELECTOR = YES;
				GCC_WARN_UNINITIALIZED_AUTOS = YES_AGGRESSIVE;
				GCC_WARN_UNUSED_FUNCTION = YES;
				GCC_WARN_UNUSED_VARIABLE = YES;
				IPHONEOS_DEPLOYMENT_TARGET = 13.0;
				MTL_ENABLE_DEBUG_INFO = INCLUDE_SOURCE;
				MTL_FAST_MATH = YES;
				ONLY_ACTIVE_ARCH = YES;
				SDKROOT = iphoneos;
				SWIFT_ACTIVE_COMPILATION_CONDITIONS = DEBUG;
				SWIFT_OPTIMIZATION_LEVEL = "-Onone";
			};
			name = Debug;
		};
		3EBAF4A2289D1E2400C59679 /* Release */ = {
			isa = XCBuildConfiguration;
			buildSettings = {
				ALWAYS_SEARCH_USER_PATHS = NO;
				CLANG_ANALYZER_NONNULL = YES;
				CLANG_ANALYZER_NUMBER_OBJECT_CONVERSION = YES_AGGRESSIVE;
				CLANG_CXX_LANGUAGE_STANDARD = "gnu++17";
				CLANG_ENABLE_MODULES = YES;
				CLANG_ENABLE_OBJC_ARC = YES;
				CLANG_ENABLE_OBJC_WEAK = YES;
				CLANG_WARN_BLOCK_CAPTURE_AUTORELEASING = YES;
				CLANG_WARN_BOOL_CONVERSION = YES;
				CLANG_WARN_COMMA = YES;
				CLANG_WARN_CONSTANT_CONVERSION = YES;
				CLANG_WARN_DEPRECATED_OBJC_IMPLEMENTATIONS = YES;
				CLANG_WARN_DIRECT_OBJC_ISA_USAGE = YES_ERROR;
				CLANG_WARN_DOCUMENTATION_COMMENTS = YES;
				CLANG_WARN_EMPTY_BODY = YES;
				CLANG_WARN_ENUM_CONVERSION = YES;
				CLANG_WARN_INFINITE_RECURSION = YES;
				CLANG_WARN_INT_CONVERSION = YES;
				CLANG_WARN_NON_LITERAL_NULL_CONVERSION = YES;
				CLANG_WARN_OBJC_IMPLICIT_RETAIN_SELF = YES;
				CLANG_WARN_OBJC_LITERAL_CONVERSION = YES;
				CLANG_WARN_OBJC_ROOT_CLASS = YES_ERROR;
				CLANG_WARN_QUOTED_INCLUDE_IN_FRAMEWORK_HEADER = YES;
				CLANG_WARN_RANGE_LOOP_ANALYSIS = YES;
				CLANG_WARN_STRICT_PROTOTYPES = YES;
				CLANG_WARN_SUSPICIOUS_MOVE = YES;
				CLANG_WARN_UNGUARDED_AVAILABILITY = YES_AGGRESSIVE;
				CLANG_WARN_UNREACHABLE_CODE = YES;
				CLANG_WARN__DUPLICATE_METHOD_MATCH = YES;
				COPY_PHASE_STRIP = NO;
				DEBUG_INFORMATION_FORMAT = "dwarf-with-dsym";
				ENABLE_NS_ASSERTIONS = NO;
				ENABLE_STRICT_OBJC_MSGSEND = YES;
				GCC_C_LANGUAGE_STANDARD = gnu11;
				GCC_NO_COMMON_BLOCKS = YES;
				GCC_WARN_64_TO_32_BIT_CONVERSION = YES;
				GCC_WARN_ABOUT_RETURN_TYPE = YES_ERROR;
				GCC_WARN_UNDECLARED_SELECTOR = YES;
				GCC_WARN_UNINITIALIZED_AUTOS = YES_AGGRESSIVE;
				GCC_WARN_UNUSED_FUNCTION = YES;
				GCC_WARN_UNUSED_VARIABLE = YES;
				IPHONEOS_DEPLOYMENT_TARGET = 13.0;
				MTL_ENABLE_DEBUG_INFO = NO;
				MTL_FAST_MATH = YES;
				SDKROOT = iphoneos;
				SWIFT_COMPILATION_MODE = wholemodule;
				SWIFT_OPTIMIZATION_LEVEL = "-O";
				VALIDATE_PRODUCT = YES;
			};
			name = Release;
		};
		3EBAF4A4289D1E2400C59679 /* Debug */ = {
			isa = XCBuildConfiguration;
			baseConfigurationReference = 9BF0BBE1F270D4042C173C58 /* Pods-ManageFiles.debug.xcconfig */;
			buildSettings = {
				ASSETCATALOG_COMPILER_APPICON_NAME = AppIcon;
				ASSETCATALOG_COMPILER_GLOBAL_ACCENT_COLOR_NAME = AccentColor;
				CODE_SIGN_STYLE = Automatic;
				CURRENT_PROJECT_VERSION = 1;
				DEVELOPMENT_TEAM = ZX8LBHXXZB;
				GENERATE_INFOPLIST_FILE = YES;
				INFOPLIST_FILE = ManageFiles/Info.plist;
				INFOPLIST_KEY_UIApplicationSupportsIndirectInputEvents = YES;
				INFOPLIST_KEY_UILaunchStoryboardName = LaunchScreen;
				INFOPLIST_KEY_UIMainStoryboardFile = Main;
				INFOPLIST_KEY_UISupportedInterfaceOrientations_iPad = "UIInterfaceOrientationPortrait UIInterfaceOrientationPortraitUpsideDown UIInterfaceOrientationLandscapeLeft UIInterfaceOrientationLandscapeRight";
				INFOPLIST_KEY_UISupportedInterfaceOrientations_iPhone = "UIInterfaceOrientationPortrait UIInterfaceOrientationLandscapeLeft UIInterfaceOrientationLandscapeRight";
				IPHONEOS_DEPLOYMENT_TARGET = 13.0;
				LD_RUNPATH_SEARCH_PATHS = (
					"$(inherited)",
					"@executable_path/Frameworks",
				);
				MARKETING_VERSION = 1.0;
				PRODUCT_BUNDLE_IDENTIFIER = haiphan.ManageFiles;
				PRODUCT_NAME = "$(TARGET_NAME)";
				SWIFT_EMIT_LOC_STRINGS = YES;
				SWIFT_VERSION = 5.0;
				TARGETED_DEVICE_FAMILY = "1,2";
			};
			name = Debug;
		};
		3EBAF4A5289D1E2400C59679 /* Release */ = {
			isa = XCBuildConfiguration;
			baseConfigurationReference = A2DADE88449BC81FDEA7B3C6 /* Pods-ManageFiles.release.xcconfig */;
			buildSettings = {
				ASSETCATALOG_COMPILER_APPICON_NAME = AppIcon;
				ASSETCATALOG_COMPILER_GLOBAL_ACCENT_COLOR_NAME = AccentColor;
				CODE_SIGN_STYLE = Automatic;
				CURRENT_PROJECT_VERSION = 1;
				DEVELOPMENT_TEAM = ZX8LBHXXZB;
				GENERATE_INFOPLIST_FILE = YES;
				INFOPLIST_FILE = ManageFiles/Info.plist;
				INFOPLIST_KEY_UIApplicationSupportsIndirectInputEvents = YES;
				INFOPLIST_KEY_UILaunchStoryboardName = LaunchScreen;
				INFOPLIST_KEY_UIMainStoryboardFile = Main;
				INFOPLIST_KEY_UISupportedInterfaceOrientations_iPad = "UIInterfaceOrientationPortrait UIInterfaceOrientationPortraitUpsideDown UIInterfaceOrientationLandscapeLeft UIInterfaceOrientationLandscapeRight";
				INFOPLIST_KEY_UISupportedInterfaceOrientations_iPhone = "UIInterfaceOrientationPortrait UIInterfaceOrientationLandscapeLeft UIInterfaceOrientationLandscapeRight";
				IPHONEOS_DEPLOYMENT_TARGET = 13.0;
				LD_RUNPATH_SEARCH_PATHS = (
					"$(inherited)",
					"@executable_path/Frameworks",
				);
				MARKETING_VERSION = 1.0;
				PRODUCT_BUNDLE_IDENTIFIER = haiphan.ManageFiles;
				PRODUCT_NAME = "$(TARGET_NAME)";
				SWIFT_EMIT_LOC_STRINGS = YES;
				SWIFT_VERSION = 5.0;
				TARGETED_DEVICE_FAMILY = "1,2";
			};
			name = Release;
		};
/* End XCBuildConfiguration section */

/* Begin XCConfigurationList section */
		3EBAF48A289D1E2300C59679 /* Build configuration list for PBXProject "ManageFiles" */ = {
			isa = XCConfigurationList;
			buildConfigurations = (
				3EBAF4A1289D1E2400C59679 /* Debug */,
				3EBAF4A2289D1E2400C59679 /* Release */,
			);
			defaultConfigurationIsVisible = 0;
			defaultConfigurationName = Release;
		};
		3EBAF4A3289D1E2400C59679 /* Build configuration list for PBXNativeTarget "ManageFiles" */ = {
			isa = XCConfigurationList;
			buildConfigurations = (
				3EBAF4A4289D1E2400C59679 /* Debug */,
				3EBAF4A5289D1E2400C59679 /* Release */,
			);
			defaultConfigurationIsVisible = 0;
			defaultConfigurationName = Release;
		};
/* End XCConfigurationList section */
	};
	rootObject = 3EBAF487289D1E2300C59679 /* Project object */;
}
